// !$*UTF8*$!
{
	archiveVersion = 1;
	classes = {
	};
	objectVersion = 46;
	objects = {

/* Begin PBXBuildFile section */
		788B65CF1C57EF2900081ABB /* alertBkg.png in Resources */ = {isa = PBXBuildFile; fileRef = 788B65CD1C57EF2900081ABB /* alertBkg.png */; };
		788B65D01C57EF2900081ABB /* alertBkg@2x.png in Resources */ = {isa = PBXBuildFile; fileRef = 788B65CE1C57EF2900081ABB /* alertBkg@2x.png */; };
		788B65D31C57EF5100081ABB /* ILAlertView.m in Sources */ = {isa = PBXBuildFile; fileRef = 788B65D21C57EF5100081ABB /* ILAlertView.m */; };
		788B65D61C57F82F00081ABB /* fondo2.jpg in Resources */ = {isa = PBXBuildFile; fileRef = 788B65D51C57F82F00081ABB /* fondo2.jpg */; };
		788B65D91C57FB4700081ABB /* LoginViewController.m in Sources */ = {isa = PBXBuildFile; fileRef = 788B65D81C57FB4700081ABB /* LoginViewController.m */; };
		7894432A1C61201E00386976 /* ProveedoresTableViewController.m in Sources */ = {isa = PBXBuildFile; fileRef = 789443291C61201E00386976 /* ProveedoresTableViewController.m */; };
		7894432D1C61233000386976 /* ProveedoresCellTableViewCell.m in Sources */ = {isa = PBXBuildFile; fileRef = 7894432C1C61233000386976 /* ProveedoresCellTableViewCell.m */; };
		789443311C612BE400386976 /* ProveedorModel.m in Sources */ = {isa = PBXBuildFile; fileRef = 789443301C612BE400386976 /* ProveedorModel.m */; };
		789443391C612D1900386976 /* TFHpple.m in Sources */ = {isa = PBXBuildFile; fileRef = 789443341C612D1900386976 /* TFHpple.m */; };
		7894433A1C612D1900386976 /* TFHppleElement.m in Sources */ = {isa = PBXBuildFile; fileRef = 789443361C612D1900386976 /* TFHppleElement.m */; };
		7894433B1C612D1900386976 /* XPathQuery.m in Sources */ = {isa = PBXBuildFile; fileRef = 789443381C612D1900386976 /* XPathQuery.m */; };
		7894433D1C612DAF00386976 /* libxml2.dylib in Frameworks */ = {isa = PBXBuildFile; fileRef = 7894433C1C612DAF00386976 /* libxml2.dylib */; };
		789443411C616A0E00386976 /* NSString_stripHtml.m in Sources */ = {isa = PBXBuildFile; fileRef = 789443401C616A0E00386976 /* NSString_stripHtml.m */; settings = {COMPILER_FLAGS = "-fno-objc-arc"; }; };
		78BC73BF1C582261001E2AFB /* UCZProgressView.m in Sources */ = {isa = PBXBuildFile; fileRef = 78BC73BE1C582261001E2AFB /* UCZProgressView.m */; };
		78C80B101C61E5EA00430008 /* MKAnnotationView+WebCache.m in Sources */ = {isa = PBXBuildFile; fileRef = 78C80AF01C61E5EA00430008 /* MKAnnotationView+WebCache.m */; };
		78C80B111C61E5EA00430008 /* NSData+ImageContentType.m in Sources */ = {isa = PBXBuildFile; fileRef = 78C80AF21C61E5EA00430008 /* NSData+ImageContentType.m */; };
		78C80B121C61E5EA00430008 /* SDImageCache.m in Sources */ = {isa = PBXBuildFile; fileRef = 78C80AF41C61E5EA00430008 /* SDImageCache.m */; };
		78C80B131C61E5EA00430008 /* SDWebImageCompat.m in Sources */ = {isa = PBXBuildFile; fileRef = 78C80AF61C61E5EA00430008 /* SDWebImageCompat.m */; };
		78C80B141C61E5EA00430008 /* SDWebImageDecoder.m in Sources */ = {isa = PBXBuildFile; fileRef = 78C80AF81C61E5EA00430008 /* SDWebImageDecoder.m */; };
		78C80B151C61E5EA00430008 /* SDWebImageDownloader.m in Sources */ = {isa = PBXBuildFile; fileRef = 78C80AFA1C61E5EA00430008 /* SDWebImageDownloader.m */; };
		78C80B161C61E5EA00430008 /* SDWebImageDownloaderOperation.m in Sources */ = {isa = PBXBuildFile; fileRef = 78C80AFC1C61E5EA00430008 /* SDWebImageDownloaderOperation.m */; };
		78C80B171C61E5EA00430008 /* SDWebImageManager.m in Sources */ = {isa = PBXBuildFile; fileRef = 78C80AFE1C61E5EA00430008 /* SDWebImageManager.m */; };
		78C80B181C61E5EA00430008 /* SDWebImagePrefetcher.m in Sources */ = {isa = PBXBuildFile; fileRef = 78C80B011C61E5EA00430008 /* SDWebImagePrefetcher.m */; };
		78C80B191C61E5EA00430008 /* UIButton+WebCache.m in Sources */ = {isa = PBXBuildFile; fileRef = 78C80B031C61E5EA00430008 /* UIButton+WebCache.m */; };
		78C80B1A1C61E5EA00430008 /* UIImage+GIF.m in Sources */ = {isa = PBXBuildFile; fileRef = 78C80B051C61E5EA00430008 /* UIImage+GIF.m */; };
		78C80B1B1C61E5EA00430008 /* UIImage+MultiFormat.m in Sources */ = {isa = PBXBuildFile; fileRef = 78C80B071C61E5EA00430008 /* UIImage+MultiFormat.m */; };
		78C80B1C1C61E5EA00430008 /* UIImage+WebP.m in Sources */ = {isa = PBXBuildFile; fileRef = 78C80B091C61E5EA00430008 /* UIImage+WebP.m */; };
		78C80B1D1C61E5EA00430008 /* UIImageView+HighlightedWebCache.m in Sources */ = {isa = PBXBuildFile; fileRef = 78C80B0B1C61E5EA00430008 /* UIImageView+HighlightedWebCache.m */; };
		78C80B1E1C61E5EA00430008 /* UIImageView+WebCache.m in Sources */ = {isa = PBXBuildFile; fileRef = 78C80B0D1C61E5EA00430008 /* UIImageView+WebCache.m */; };
		78C80B1F1C61E5EA00430008 /* UIView+WebCacheOperation.m in Sources */ = {isa = PBXBuildFile; fileRef = 78C80B0F1C61E5EA00430008 /* UIView+WebCacheOperation.m */; };
		C80A0EBD1C576EF8003E2013 /* fondoghfincasactivity1.png in Resources */ = {isa = PBXBuildFile; fileRef = C80A0EB71C576EF8003E2013 /* fondoghfincasactivity1.png */; };
		C80A0EBE1C576EF8003E2013 /* jrdvsoftlogo.png in Resources */ = {isa = PBXBuildFile; fileRef = C80A0EB81C576EF8003E2013 /* jrdvsoftlogo.png */; };
		C80A0EBF1C576EF8003E2013 /* logo7.jpg in Resources */ = {isa = PBXBuildFile; fileRef = C80A0EB91C576EF8003E2013 /* logo7.jpg */; };
		C80A0EC01C576EF8003E2013 /* logo7redondo.png in Resources */ = {isa = PBXBuildFile; fileRef = C80A0EBA1C576EF8003E2013 /* logo7redondo.png */; };
		C80A0EC11C576EF8003E2013 /* logo7redondo 2.png in Resources */ = {isa = PBXBuildFile; fileRef = C80A0EBB1C576EF8003E2013 /* logo7redondo 2.png */; };
		C80A0EC21C576EF8003E2013 /* web.png in Resources */ = {isa = PBXBuildFile; fileRef = C80A0EBC1C576EF8003E2013 /* web.png */; };
		C81E8BB31C6498FA0078AE93 /* NotificacionesFromWebTableViewController.m in Sources */ = {isa = PBXBuildFile; fileRef = C81E8BB21C6498FA0078AE93 /* NotificacionesFromWebTableViewController.m */; };
		C81E8BB71C6499610078AE93 /* NotificacionModel.m in Sources */ = {isa = PBXBuildFile; fileRef = C81E8BB61C6499610078AE93 /* NotificacionModel.m */; };
		C81E8BBB1C64B1060078AE93 /* NotificacionesTableViewCell.m in Sources */ = {isa = PBXBuildFile; fileRef = C81E8BBA1C64B1060078AE93 /* NotificacionesTableViewCell.m */; };
		C81E8BBE1C64C4CE0078AE93 /* CorrecionComunidadModel.m in Sources */ = {isa = PBXBuildFile; fileRef = C81E8BBD1C64C4CE0078AE93 /* CorrecionComunidadModel.m */; };
		C824AFDE1C5F9DE60099479F /* UITextView+Placeholder.m in Sources */ = {isa = PBXBuildFile; fileRef = C824AFDD1C5F9DE60099479F /* UITextView+Placeholder.m */; };
		C824AFE41C5FC1320099479F /* KVNProgress.m in Sources */ = {isa = PBXBuildFile; fileRef = C824AFE11C5FC1320099479F /* KVNProgress.m */; };
		C824AFE51C5FC1320099479F /* KVNProgressConfiguration.m in Sources */ = {isa = PBXBuildFile; fileRef = C824AFE31C5FC1320099479F /* KVNProgressConfiguration.m */; };
		C824AFEC1C5FC14B0099479F /* UIColor+KVNContrast.m in Sources */ = {isa = PBXBuildFile; fileRef = C824AFE71C5FC14B0099479F /* UIColor+KVNContrast.m */; };
		C824AFED1C5FC14B0099479F /* UIImage+KVNEmpty.m in Sources */ = {isa = PBXBuildFile; fileRef = C824AFE91C5FC14B0099479F /* UIImage+KVNEmpty.m */; };
		C824AFEE1C5FC14B0099479F /* UIImage+KVNImageEffects.m in Sources */ = {isa = PBXBuildFile; fileRef = C824AFEB1C5FC14B0099479F /* UIImage+KVNImageEffects.m */; };
		C824AFF41C5FC9D60099479F /* KVNProgressView.xib in Resources */ = {isa = PBXBuildFile; fileRef = C824AFF31C5FC9D60099479F /* KVNProgressView.xib */; };
		C824AFF51C5FCF560099479F /* QuartzCore.framework in Frameworks */ = {isa = PBXBuildFile; fileRef = C824AFEF1C5FC77C0099479F /* QuartzCore.framework */; };
		C82895941C5D170D00A9754F /* Base64Transcoder.m in Sources */ = {isa = PBXBuildFile; fileRef = C828958B1C5D170C00A9754F /* Base64Transcoder.m */; settings = {COMPILER_FLAGS = "-fno-objc-arc"; }; };
		C82895951C5D170D00A9754F /* HSK_CFUtilities.m in Sources */ = {isa = PBXBuildFile; fileRef = C828958D1C5D170C00A9754F /* HSK_CFUtilities.m */; settings = {COMPILER_FLAGS = "-fno-objc-arc"; }; };
		C82895961C5D170D00A9754F /* NSData+Base64Additions.m in Sources */ = {isa = PBXBuildFile; fileRef = C828958F1C5D170C00A9754F /* NSData+Base64Additions.m */; settings = {COMPILER_FLAGS = "-fno-objc-arc"; }; };
		C82895971C5D170D00A9754F /* NSStream+SKPSMTPExtensions.m in Sources */ = {isa = PBXBuildFile; fileRef = C82895911C5D170D00A9754F /* NSStream+SKPSMTPExtensions.m */; settings = {COMPILER_FLAGS = "-fno-objc-arc"; }; };
		C82895981C5D170D00A9754F /* SKPSMTPMessage.m in Sources */ = {isa = PBXBuildFile; fileRef = C82895931C5D170D00A9754F /* SKPSMTPMessage.m */; settings = {COMPILER_FLAGS = "-fno-objc-arc"; }; };
		C828959B1C5D1C4300A9754F /* ComunidadViewController.m in Sources */ = {isa = PBXBuildFile; fileRef = C828959A1C5D1C4300A9754F /* ComunidadViewController.m */; };
		C828959E1C5D1F3F00A9754F /* IncidenciaViewController.m in Sources */ = {isa = PBXBuildFile; fileRef = C828959D1C5D1F3F00A9754F /* IncidenciaViewController.m */; };
		C82895A11C5D240900A9754F /* INCIDENCIAPOREMAILViewController.m in Sources */ = {isa = PBXBuildFile; fileRef = C82895A01C5D240900A9754F /* INCIDENCIAPOREMAILViewController.m */; };
		C88441E31C6279B800BB487F /* AudioToolbox.framework in Frameworks */ = {isa = PBXBuildFile; fileRef = C88441E21C6279B800BB487F /* AudioToolbox.framework */; };
		C88441E51C6279C700BB487F /* CoreGraphics.framework in Frameworks */ = {isa = PBXBuildFile; fileRef = C88441E41C6279C700BB487F /* CoreGraphics.framework */; };
		C88441E91C6279D800BB487F /* Security.framework in Frameworks */ = {isa = PBXBuildFile; fileRef = C88441E81C6279D800BB487F /* Security.framework */; };
		C88441EB1C6279E000BB487F /* StoreKit.framework in Frameworks */ = {isa = PBXBuildFile; fileRef = C88441EA1C6279E000BB487F /* StoreKit.framework */; };
		C88441ED1C6279EA00BB487F /* SystemConfiguration.framework in Frameworks */ = {isa = PBXBuildFile; fileRef = C88441EC1C6279EA00BB487F /* SystemConfiguration.framework */; };
		C88441EF1C627A0D00BB487F /* libz.1.1.3.dylib in Frameworks */ = {isa = PBXBuildFile; fileRef = C88441EE1C627A0D00BB487F /* libz.1.1.3.dylib */; };
		C88441F11C627A1900BB487F /* libsqlite3.dylib in Frameworks */ = {isa = PBXBuildFile; fileRef = C88441F01C627A1900BB487F /* libsqlite3.dylib */; };
		C88442021C62AC1F00BB487F /* Bolts.framework in Frameworks */ = {isa = PBXBuildFile; fileRef = C88442001C62AC1F00BB487F /* Bolts.framework */; };
		C88442031C62AC1F00BB487F /* Parse.framework in Frameworks */ = {isa = PBXBuildFile; fileRef = C88442011C62AC1F00BB487F /* Parse.framework */; };
		C8862CC91C5623B000FB905E /* main.m in Sources */ = {isa = PBXBuildFile; fileRef = C8862CC81C5623B000FB905E /* main.m */; };
		C8862CCC1C5623B000FB905E /* AppDelegate.m in Sources */ = {isa = PBXBuildFile; fileRef = C8862CCB1C5623B000FB905E /* AppDelegate.m */; };
		C8862CCF1C5623B000FB905E /* FirstViewController.m in Sources */ = {isa = PBXBuildFile; fileRef = C8862CCE1C5623B000FB905E /* FirstViewController.m */; };
		C8862CD51C5623B000FB905E /* Main.storyboard in Resources */ = {isa = PBXBuildFile; fileRef = C8862CD31C5623B000FB905E /* Main.storyboard */; };
		C8862CD71C5623B000FB905E /* Images.xcassets in Resources */ = {isa = PBXBuildFile; fileRef = C8862CD61C5623B000FB905E /* Images.xcassets */; };
		C8862CDA1C5623B000FB905E /* LaunchScreen.xib in Resources */ = {isa = PBXBuildFile; fileRef = C8862CD81C5623B000FB905E /* LaunchScreen.xib */; };
		C8862CE61C5623B000FB905E /* GHFINCASTests.m in Sources */ = {isa = PBXBuildFile; fileRef = C8862CE51C5623B000FB905E /* GHFINCASTests.m */; };
		C8862CF91C57693D00FB905E /* FLAT INCIDENCIAS 2.png in Resources */ = {isa = PBXBuildFile; fileRef = C8862CF01C57693D00FB905E /* FLAT INCIDENCIAS 2.png */; };
		C8862CFA1C57693D00FB905E /* flat_24h.png in Resources */ = {isa = PBXBuildFile; fileRef = C8862CF11C57693D00FB905E /* flat_24h.png */; };
		C8862CFB1C57693D00FB905E /* flat_comunicados.png in Resources */ = {isa = PBXBuildFile; fileRef = C8862CF21C57693D00FB905E /* flat_comunicados.png */; };
		C8862CFC1C57693D00FB905E /* flat_comunidad.png in Resources */ = {isa = PBXBuildFile; fileRef = C8862CF31C57693D00FB905E /* flat_comunidad.png */; };
		C8862CFD1C57693D00FB905E /* flat_empresa.png in Resources */ = {isa = PBXBuildFile; fileRef = C8862CF41C57693D00FB905E /* flat_empresa.png */; };
		C8862CFE1C57693D00FB905E /* flat_empresa2.png in Resources */ = {isa = PBXBuildFile; fileRef = C8862CF51C57693D00FB905E /* flat_empresa2.png */; };
		C8862CFF1C57693D00FB905E /* flat_incidencias1.png in Resources */ = {isa = PBXBuildFile; fileRef = C8862CF61C57693D00FB905E /* flat_incidencias1.png */; };
		C8862D001C57693D00FB905E /* flat_mail.png in Resources */ = {isa = PBXBuildFile; fileRef = C8862CF71C57693D00FB905E /* flat_mail.png */; };
		C8862D011C57693D00FB905E /* flat_proveedores1.png in Resources */ = {isa = PBXBuildFile; fileRef = C8862CF81C57693D00FB905E /* flat_proveedores1.png */; };
		C88989431C5B7D2D0080052E /* SignupViewController.m in Sources */ = {isa = PBXBuildFile; fileRef = C88989421C5B7D2D0080052E /* SignupViewController.m */; };
		C8A431291C62278700076758 /* ParallaxHeaderView.m in Sources */ = {isa = PBXBuildFile; fileRef = C8A431261C62278700076758 /* ParallaxHeaderView.m */; };
		C8A4312A1C62278700076758 /* UIImage+ImageEffects.m in Sources */ = {isa = PBXBuildFile; fileRef = C8A431281C62278700076758 /* UIImage+ImageEffects.m */; };
		C8A4312D1C622D4900076758 /* DetalleProveedorViewController.m in Sources */ = {isa = PBXBuildFile; fileRef = C8A4312C1C622D4900076758 /* DetalleProveedorViewController.m */; };
		C8D6D5EA1C5FD8AB002DF570 /* CLScrollview.m in Sources */ = {isa = PBXBuildFile; fileRef = C8D6D5E71C5FD8AB002DF570 /* CLScrollview.m */; };
		C8D6D5EB1C5FD8AB002DF570 /* CLTickerView.m in Sources */ = {isa = PBXBuildFile; fileRef = C8D6D5E91C5FD8AB002DF570 /* CLTickerView.m */; settings = {COMPILER_FLAGS = "-fno-objc-arc"; }; };
		C8DEEB521C5BE5E200C8E6CC /* CFNetwork.framework in Frameworks */ = {isa = PBXBuildFile; fileRef = C8DEEB511C5BE5E200C8E6CC /* CFNetwork.framework */; };
		C8DEEB641C5CDB3900C8E6CC /* MessageUI.framework in Frameworks */ = {isa = PBXBuildFile; fileRef = C8DEEB631C5CDB3900C8E6CC /* MessageUI.framework */; };
/* End PBXBuildFile section */

/* Begin PBXContainerItemProxy section */
		C8862CE01C5623B000FB905E /* PBXContainerItemProxy */ = {
			isa = PBXContainerItemProxy;
			containerPortal = C8862CBB1C5623B000FB905E /* Project object */;
			proxyType = 1;
			remoteGlobalIDString = C8862CC21C5623B000FB905E;
			remoteInfo = GHFINCAS;
		};
/* End PBXContainerItemProxy section */

/* Begin PBXFileReference section */
		788B65CD1C57EF2900081ABB /* alertBkg.png */ = {isa = PBXFileReference; lastKnownFileType = image.png; path = alertBkg.png; sourceTree = "<group>"; };
		788B65CE1C57EF2900081ABB /* alertBkg@2x.png */ = {isa = PBXFileReference; lastKnownFileType = image.png; path = "alertBkg@2x.png"; sourceTree = "<group>"; };
		788B65D11C57EF5100081ABB /* ILAlertView.h */ = {isa = PBXFileReference; fileEncoding = 4; lastKnownFileType = sourcecode.c.h; path = ILAlertView.h; sourceTree = "<group>"; };
		788B65D21C57EF5100081ABB /* ILAlertView.m */ = {isa = PBXFileReference; fileEncoding = 4; lastKnownFileType = sourcecode.c.objc; path = ILAlertView.m; sourceTree = "<group>"; };
		788B65D51C57F82F00081ABB /* fondo2.jpg */ = {isa = PBXFileReference; lastKnownFileType = image.jpeg; path = fondo2.jpg; sourceTree = "<group>"; };
		788B65D71C57FB4700081ABB /* LoginViewController.h */ = {isa = PBXFileReference; fileEncoding = 4; lastKnownFileType = sourcecode.c.h; path = LoginViewController.h; sourceTree = "<group>"; };
		788B65D81C57FB4700081ABB /* LoginViewController.m */ = {isa = PBXFileReference; fileEncoding = 4; lastKnownFileType = sourcecode.c.objc; path = LoginViewController.m; sourceTree = "<group>"; };
		789443281C61201E00386976 /* ProveedoresTableViewController.h */ = {isa = PBXFileReference; fileEncoding = 4; lastKnownFileType = sourcecode.c.h; path = ProveedoresTableViewController.h; sourceTree = "<group>"; };
		789443291C61201E00386976 /* ProveedoresTableViewController.m */ = {isa = PBXFileReference; fileEncoding = 4; lastKnownFileType = sourcecode.c.objc; path = ProveedoresTableViewController.m; sourceTree = "<group>"; };
		7894432B1C61233000386976 /* ProveedoresCellTableViewCell.h */ = {isa = PBXFileReference; fileEncoding = 4; lastKnownFileType = sourcecode.c.h; path = ProveedoresCellTableViewCell.h; sourceTree = "<group>"; };
		7894432C1C61233000386976 /* ProveedoresCellTableViewCell.m */ = {isa = PBXFileReference; fileEncoding = 4; lastKnownFileType = sourcecode.c.objc; path = ProveedoresCellTableViewCell.m; sourceTree = "<group>"; };
		7894432F1C612BE400386976 /* ProveedorModel.h */ = {isa = PBXFileReference; fileEncoding = 4; lastKnownFileType = sourcecode.c.h; path = ProveedorModel.h; sourceTree = "<group>"; };
		789443301C612BE400386976 /* ProveedorModel.m */ = {isa = PBXFileReference; fileEncoding = 4; lastKnownFileType = sourcecode.c.objc; path = ProveedorModel.m; sourceTree = "<group>"; };
		789443331C612D1900386976 /* TFHpple.h */ = {isa = PBXFileReference; fileEncoding = 4; lastKnownFileType = sourcecode.c.h; path = TFHpple.h; sourceTree = "<group>"; };
		789443341C612D1900386976 /* TFHpple.m */ = {isa = PBXFileReference; fileEncoding = 4; lastKnownFileType = sourcecode.c.objc; path = TFHpple.m; sourceTree = "<group>"; };
		789443351C612D1900386976 /* TFHppleElement.h */ = {isa = PBXFileReference; fileEncoding = 4; lastKnownFileType = sourcecode.c.h; path = TFHppleElement.h; sourceTree = "<group>"; };
		789443361C612D1900386976 /* TFHppleElement.m */ = {isa = PBXFileReference; fileEncoding = 4; lastKnownFileType = sourcecode.c.objc; path = TFHppleElement.m; sourceTree = "<group>"; };
		789443371C612D1900386976 /* XPathQuery.h */ = {isa = PBXFileReference; fileEncoding = 4; lastKnownFileType = sourcecode.c.h; path = XPathQuery.h; sourceTree = "<group>"; };
		789443381C612D1900386976 /* XPathQuery.m */ = {isa = PBXFileReference; fileEncoding = 4; lastKnownFileType = sourcecode.c.objc; path = XPathQuery.m; sourceTree = "<group>"; };
		7894433C1C612DAF00386976 /* libxml2.dylib */ = {isa = PBXFileReference; lastKnownFileType = "compiled.mach-o.dylib"; name = libxml2.dylib; path = usr/lib/libxml2.dylib; sourceTree = SDKROOT; };
		7894433F1C616A0E00386976 /* NSString_stripHtml.h */ = {isa = PBXFileReference; fileEncoding = 4; lastKnownFileType = sourcecode.c.h; path = NSString_stripHtml.h; sourceTree = "<group>"; };
		789443401C616A0E00386976 /* NSString_stripHtml.m */ = {isa = PBXFileReference; fileEncoding = 4; lastKnownFileType = sourcecode.c.objc; path = NSString_stripHtml.m; sourceTree = "<group>"; };
		78BC73BD1C582261001E2AFB /* UCZProgressView.h */ = {isa = PBXFileReference; fileEncoding = 4; lastKnownFileType = sourcecode.c.h; path = UCZProgressView.h; sourceTree = "<group>"; };
		78BC73BE1C582261001E2AFB /* UCZProgressView.m */ = {isa = PBXFileReference; fileEncoding = 4; lastKnownFileType = sourcecode.c.objc; path = UCZProgressView.m; sourceTree = "<group>"; };
		78C80AEF1C61E5EA00430008 /* MKAnnotationView+WebCache.h */ = {isa = PBXFileReference; fileEncoding = 4; lastKnownFileType = sourcecode.c.h; path = "MKAnnotationView+WebCache.h"; sourceTree = "<group>"; };
		78C80AF01C61E5EA00430008 /* MKAnnotationView+WebCache.m */ = {isa = PBXFileReference; fileEncoding = 4; lastKnownFileType = sourcecode.c.objc; path = "MKAnnotationView+WebCache.m"; sourceTree = "<group>"; };
		78C80AF11C61E5EA00430008 /* NSData+ImageContentType.h */ = {isa = PBXFileReference; fileEncoding = 4; lastKnownFileType = sourcecode.c.h; path = "NSData+ImageContentType.h"; sourceTree = "<group>"; };
		78C80AF21C61E5EA00430008 /* NSData+ImageContentType.m */ = {isa = PBXFileReference; fileEncoding = 4; lastKnownFileType = sourcecode.c.objc; path = "NSData+ImageContentType.m"; sourceTree = "<group>"; };
		78C80AF31C61E5EA00430008 /* SDImageCache.h */ = {isa = PBXFileReference; fileEncoding = 4; lastKnownFileType = sourcecode.c.h; path = SDImageCache.h; sourceTree = "<group>"; };
		78C80AF41C61E5EA00430008 /* SDImageCache.m */ = {isa = PBXFileReference; fileEncoding = 4; lastKnownFileType = sourcecode.c.objc; path = SDImageCache.m; sourceTree = "<group>"; };
		78C80AF51C61E5EA00430008 /* SDWebImageCompat.h */ = {isa = PBXFileReference; fileEncoding = 4; lastKnownFileType = sourcecode.c.h; path = SDWebImageCompat.h; sourceTree = "<group>"; };
		78C80AF61C61E5EA00430008 /* SDWebImageCompat.m */ = {isa = PBXFileReference; fileEncoding = 4; lastKnownFileType = sourcecode.c.objc; path = SDWebImageCompat.m; sourceTree = "<group>"; };
		78C80AF71C61E5EA00430008 /* SDWebImageDecoder.h */ = {isa = PBXFileReference; fileEncoding = 4; lastKnownFileType = sourcecode.c.h; path = SDWebImageDecoder.h; sourceTree = "<group>"; };
		78C80AF81C61E5EA00430008 /* SDWebImageDecoder.m */ = {isa = PBXFileReference; fileEncoding = 4; lastKnownFileType = sourcecode.c.objc; path = SDWebImageDecoder.m; sourceTree = "<group>"; };
		78C80AF91C61E5EA00430008 /* SDWebImageDownloader.h */ = {isa = PBXFileReference; fileEncoding = 4; lastKnownFileType = sourcecode.c.h; path = SDWebImageDownloader.h; sourceTree = "<group>"; };
		78C80AFA1C61E5EA00430008 /* SDWebImageDownloader.m */ = {isa = PBXFileReference; fileEncoding = 4; lastKnownFileType = sourcecode.c.objc; path = SDWebImageDownloader.m; sourceTree = "<group>"; };
		78C80AFB1C61E5EA00430008 /* SDWebImageDownloaderOperation.h */ = {isa = PBXFileReference; fileEncoding = 4; lastKnownFileType = sourcecode.c.h; path = SDWebImageDownloaderOperation.h; sourceTree = "<group>"; };
		78C80AFC1C61E5EA00430008 /* SDWebImageDownloaderOperation.m */ = {isa = PBXFileReference; fileEncoding = 4; lastKnownFileType = sourcecode.c.objc; path = SDWebImageDownloaderOperation.m; sourceTree = "<group>"; };
		78C80AFD1C61E5EA00430008 /* SDWebImageManager.h */ = {isa = PBXFileReference; fileEncoding = 4; lastKnownFileType = sourcecode.c.h; path = SDWebImageManager.h; sourceTree = "<group>"; };
		78C80AFE1C61E5EA00430008 /* SDWebImageManager.m */ = {isa = PBXFileReference; fileEncoding = 4; lastKnownFileType = sourcecode.c.objc; path = SDWebImageManager.m; sourceTree = "<group>"; };
		78C80AFF1C61E5EA00430008 /* SDWebImageOperation.h */ = {isa = PBXFileReference; fileEncoding = 4; lastKnownFileType = sourcecode.c.h; path = SDWebImageOperation.h; sourceTree = "<group>"; };
		78C80B001C61E5EA00430008 /* SDWebImagePrefetcher.h */ = {isa = PBXFileReference; fileEncoding = 4; lastKnownFileType = sourcecode.c.h; path = SDWebImagePrefetcher.h; sourceTree = "<group>"; };
		78C80B011C61E5EA00430008 /* SDWebImagePrefetcher.m */ = {isa = PBXFileReference; fileEncoding = 4; lastKnownFileType = sourcecode.c.objc; path = SDWebImagePrefetcher.m; sourceTree = "<group>"; };
		78C80B021C61E5EA00430008 /* UIButton+WebCache.h */ = {isa = PBXFileReference; fileEncoding = 4; lastKnownFileType = sourcecode.c.h; path = "UIButton+WebCache.h"; sourceTree = "<group>"; };
		78C80B031C61E5EA00430008 /* UIButton+WebCache.m */ = {isa = PBXFileReference; fileEncoding = 4; lastKnownFileType = sourcecode.c.objc; path = "UIButton+WebCache.m"; sourceTree = "<group>"; };
		78C80B041C61E5EA00430008 /* UIImage+GIF.h */ = {isa = PBXFileReference; fileEncoding = 4; lastKnownFileType = sourcecode.c.h; path = "UIImage+GIF.h"; sourceTree = "<group>"; };
		78C80B051C61E5EA00430008 /* UIImage+GIF.m */ = {isa = PBXFileReference; fileEncoding = 4; lastKnownFileType = sourcecode.c.objc; path = "UIImage+GIF.m"; sourceTree = "<group>"; };
		78C80B061C61E5EA00430008 /* UIImage+MultiFormat.h */ = {isa = PBXFileReference; fileEncoding = 4; lastKnownFileType = sourcecode.c.h; path = "UIImage+MultiFormat.h"; sourceTree = "<group>"; };
		78C80B071C61E5EA00430008 /* UIImage+MultiFormat.m */ = {isa = PBXFileReference; fileEncoding = 4; lastKnownFileType = sourcecode.c.objc; path = "UIImage+MultiFormat.m"; sourceTree = "<group>"; };
		78C80B081C61E5EA00430008 /* UIImage+WebP.h */ = {isa = PBXFileReference; fileEncoding = 4; lastKnownFileType = sourcecode.c.h; path = "UIImage+WebP.h"; sourceTree = "<group>"; };
		78C80B091C61E5EA00430008 /* UIImage+WebP.m */ = {isa = PBXFileReference; fileEncoding = 4; lastKnownFileType = sourcecode.c.objc; path = "UIImage+WebP.m"; sourceTree = "<group>"; };
		78C80B0A1C61E5EA00430008 /* UIImageView+HighlightedWebCache.h */ = {isa = PBXFileReference; fileEncoding = 4; lastKnownFileType = sourcecode.c.h; path = "UIImageView+HighlightedWebCache.h"; sourceTree = "<group>"; };
		78C80B0B1C61E5EA00430008 /* UIImageView+HighlightedWebCache.m */ = {isa = PBXFileReference; fileEncoding = 4; lastKnownFileType = sourcecode.c.objc; path = "UIImageView+HighlightedWebCache.m"; sourceTree = "<group>"; };
		78C80B0C1C61E5EA00430008 /* UIImageView+WebCache.h */ = {isa = PBXFileReference; fileEncoding = 4; lastKnownFileType = sourcecode.c.h; path = "UIImageView+WebCache.h"; sourceTree = "<group>"; };
		78C80B0D1C61E5EA00430008 /* UIImageView+WebCache.m */ = {isa = PBXFileReference; fileEncoding = 4; lastKnownFileType = sourcecode.c.objc; path = "UIImageView+WebCache.m"; sourceTree = "<group>"; };
		78C80B0E1C61E5EA00430008 /* UIView+WebCacheOperation.h */ = {isa = PBXFileReference; fileEncoding = 4; lastKnownFileType = sourcecode.c.h; path = "UIView+WebCacheOperation.h"; sourceTree = "<group>"; };
		78C80B0F1C61E5EA00430008 /* UIView+WebCacheOperation.m */ = {isa = PBXFileReference; fileEncoding = 4; lastKnownFileType = sourcecode.c.objc; path = "UIView+WebCacheOperation.m"; sourceTree = "<group>"; };
		C80A0EB71C576EF8003E2013 /* fondoghfincasactivity1.png */ = {isa = PBXFileReference; lastKnownFileType = image.png; path = fondoghfincasactivity1.png; sourceTree = "<group>"; };
		C80A0EB81C576EF8003E2013 /* jrdvsoftlogo.png */ = {isa = PBXFileReference; lastKnownFileType = image.png; path = jrdvsoftlogo.png; sourceTree = "<group>"; };
		C80A0EB91C576EF8003E2013 /* logo7.jpg */ = {isa = PBXFileReference; lastKnownFileType = image.jpeg; path = logo7.jpg; sourceTree = "<group>"; };
		C80A0EBA1C576EF8003E2013 /* logo7redondo.png */ = {isa = PBXFileReference; lastKnownFileType = image.png; path = logo7redondo.png; sourceTree = "<group>"; };
		C80A0EBB1C576EF8003E2013 /* logo7redondo 2.png */ = {isa = PBXFileReference; lastKnownFileType = image.png; path = "logo7redondo 2.png"; sourceTree = "<group>"; };
		C80A0EBC1C576EF8003E2013 /* web.png */ = {isa = PBXFileReference; lastKnownFileType = image.png; path = web.png; sourceTree = "<group>"; };
		C81E8BB11C6498FA0078AE93 /* NotificacionesFromWebTableViewController.h */ = {isa = PBXFileReference; fileEncoding = 4; lastKnownFileType = sourcecode.c.h; path = NotificacionesFromWebTableViewController.h; sourceTree = "<group>"; };
		C81E8BB21C6498FA0078AE93 /* NotificacionesFromWebTableViewController.m */ = {isa = PBXFileReference; fileEncoding = 4; lastKnownFileType = sourcecode.c.objc; path = NotificacionesFromWebTableViewController.m; sourceTree = "<group>"; };
		C81E8BB51C6499610078AE93 /* NotificacionModel.h */ = {isa = PBXFileReference; fileEncoding = 4; lastKnownFileType = sourcecode.c.h; path = NotificacionModel.h; sourceTree = "<group>"; };
		C81E8BB61C6499610078AE93 /* NotificacionModel.m */ = {isa = PBXFileReference; fileEncoding = 4; lastKnownFileType = sourcecode.c.objc; path = NotificacionModel.m; sourceTree = "<group>"; };
		C81E8BB91C64B1060078AE93 /* NotificacionesTableViewCell.h */ = {isa = PBXFileReference; fileEncoding = 4; lastKnownFileType = sourcecode.c.h; path = NotificacionesTableViewCell.h; sourceTree = "<group>"; };
		C81E8BBA1C64B1060078AE93 /* NotificacionesTableViewCell.m */ = {isa = PBXFileReference; fileEncoding = 4; lastKnownFileType = sourcecode.c.objc; path = NotificacionesTableViewCell.m; sourceTree = "<group>"; };
		C81E8BBC1C64C4CE0078AE93 /* CorrecionComunidadModel.h */ = {isa = PBXFileReference; fileEncoding = 4; lastKnownFileType = sourcecode.c.h; path = CorrecionComunidadModel.h; sourceTree = "<group>"; };
		C81E8BBD1C64C4CE0078AE93 /* CorrecionComunidadModel.m */ = {isa = PBXFileReference; fileEncoding = 4; lastKnownFileType = sourcecode.c.objc; path = CorrecionComunidadModel.m; sourceTree = "<group>"; };
		C824AFDC1C5F9DE60099479F /* UITextView+Placeholder.h */ = {isa = PBXFileReference; fileEncoding = 4; lastKnownFileType = sourcecode.c.h; path = "UITextView+Placeholder.h"; sourceTree = "<group>"; };
		C824AFDD1C5F9DE60099479F /* UITextView+Placeholder.m */ = {isa = PBXFileReference; fileEncoding = 4; lastKnownFileType = sourcecode.c.objc; path = "UITextView+Placeholder.m"; sourceTree = "<group>"; };
		C824AFE01C5FC1320099479F /* KVNProgress.h */ = {isa = PBXFileReference; fileEncoding = 4; lastKnownFileType = sourcecode.c.h; path = KVNProgress.h; sourceTree = "<group>"; };
		C824AFE11C5FC1320099479F /* KVNProgress.m */ = {isa = PBXFileReference; fileEncoding = 4; lastKnownFileType = sourcecode.c.objc; path = KVNProgress.m; sourceTree = "<group>"; };
		C824AFE21C5FC1320099479F /* KVNProgressConfiguration.h */ = {isa = PBXFileReference; fileEncoding = 4; lastKnownFileType = sourcecode.c.h; path = KVNProgressConfiguration.h; sourceTree = "<group>"; };
		C824AFE31C5FC1320099479F /* KVNProgressConfiguration.m */ = {isa = PBXFileReference; fileEncoding = 4; lastKnownFileType = sourcecode.c.objc; path = KVNProgressConfiguration.m; sourceTree = "<group>"; };
		C824AFE61C5FC14B0099479F /* UIColor+KVNContrast.h */ = {isa = PBXFileReference; fileEncoding = 4; lastKnownFileType = sourcecode.c.h; path = "UIColor+KVNContrast.h"; sourceTree = "<group>"; };
		C824AFE71C5FC14B0099479F /* UIColor+KVNContrast.m */ = {isa = PBXFileReference; fileEncoding = 4; lastKnownFileType = sourcecode.c.objc; path = "UIColor+KVNContrast.m"; sourceTree = "<group>"; };
		C824AFE81C5FC14B0099479F /* UIImage+KVNEmpty.h */ = {isa = PBXFileReference; fileEncoding = 4; lastKnownFileType = sourcecode.c.h; path = "UIImage+KVNEmpty.h"; sourceTree = "<group>"; };
		C824AFE91C5FC14B0099479F /* UIImage+KVNEmpty.m */ = {isa = PBXFileReference; fileEncoding = 4; lastKnownFileType = sourcecode.c.objc; path = "UIImage+KVNEmpty.m"; sourceTree = "<group>"; };
		C824AFEA1C5FC14B0099479F /* UIImage+KVNImageEffects.h */ = {isa = PBXFileReference; fileEncoding = 4; lastKnownFileType = sourcecode.c.h; path = "UIImage+KVNImageEffects.h"; sourceTree = "<group>"; };
		C824AFEB1C5FC14B0099479F /* UIImage+KVNImageEffects.m */ = {isa = PBXFileReference; fileEncoding = 4; lastKnownFileType = sourcecode.c.objc; path = "UIImage+KVNImageEffects.m"; sourceTree = "<group>"; };
		C824AFEF1C5FC77C0099479F /* QuartzCore.framework */ = {isa = PBXFileReference; lastKnownFileType = wrapper.framework; name = QuartzCore.framework; path = System/Library/Frameworks/QuartzCore.framework; sourceTree = SDKROOT; };
		C824AFF11C5FC7880099479F /* GLKit.framework */ = {isa = PBXFileReference; lastKnownFileType = wrapper.framework; name = GLKit.framework; path = System/Library/Frameworks/GLKit.framework; sourceTree = SDKROOT; };
		C824AFF31C5FC9D60099479F /* KVNProgressView.xib */ = {isa = PBXFileReference; fileEncoding = 4; lastKnownFileType = file.xib; path = KVNProgressView.xib; sourceTree = "<group>"; };
		C828958A1C5D170C00A9754F /* Base64Transcoder.h */ = {isa = PBXFileReference; fileEncoding = 4; lastKnownFileType = sourcecode.c.h; path = Base64Transcoder.h; sourceTree = "<group>"; };
		C828958B1C5D170C00A9754F /* Base64Transcoder.m */ = {isa = PBXFileReference; fileEncoding = 4; lastKnownFileType = sourcecode.c.objc; path = Base64Transcoder.m; sourceTree = "<group>"; };
		C828958C1C5D170C00A9754F /* HSK_CFUtilities.h */ = {isa = PBXFileReference; fileEncoding = 4; lastKnownFileType = sourcecode.c.h; path = HSK_CFUtilities.h; sourceTree = "<group>"; };
		C828958D1C5D170C00A9754F /* HSK_CFUtilities.m */ = {isa = PBXFileReference; fileEncoding = 4; lastKnownFileType = sourcecode.c.objc; path = HSK_CFUtilities.m; sourceTree = "<group>"; };
		C828958E1C5D170C00A9754F /* NSData+Base64Additions.h */ = {isa = PBXFileReference; fileEncoding = 4; lastKnownFileType = sourcecode.c.h; path = "NSData+Base64Additions.h"; sourceTree = "<group>"; };
		C828958F1C5D170C00A9754F /* NSData+Base64Additions.m */ = {isa = PBXFileReference; fileEncoding = 4; lastKnownFileType = sourcecode.c.objc; path = "NSData+Base64Additions.m"; sourceTree = "<group>"; };
		C82895901C5D170D00A9754F /* NSStream+SKPSMTPExtensions.h */ = {isa = PBXFileReference; fileEncoding = 4; lastKnownFileType = sourcecode.c.h; path = "NSStream+SKPSMTPExtensions.h"; sourceTree = "<group>"; };
		C82895911C5D170D00A9754F /* NSStream+SKPSMTPExtensions.m */ = {isa = PBXFileReference; fileEncoding = 4; lastKnownFileType = sourcecode.c.objc; path = "NSStream+SKPSMTPExtensions.m"; sourceTree = "<group>"; };
		C82895921C5D170D00A9754F /* SKPSMTPMessage.h */ = {isa = PBXFileReference; fileEncoding = 4; lastKnownFileType = sourcecode.c.h; path = SKPSMTPMessage.h; sourceTree = "<group>"; };
		C82895931C5D170D00A9754F /* SKPSMTPMessage.m */ = {isa = PBXFileReference; fileEncoding = 4; lastKnownFileType = sourcecode.c.objc; path = SKPSMTPMessage.m; sourceTree = "<group>"; };
		C82895991C5D1C4300A9754F /* ComunidadViewController.h */ = {isa = PBXFileReference; fileEncoding = 4; lastKnownFileType = sourcecode.c.h; path = ComunidadViewController.h; sourceTree = "<group>"; };
		C828959A1C5D1C4300A9754F /* ComunidadViewController.m */ = {isa = PBXFileReference; fileEncoding = 4; lastKnownFileType = sourcecode.c.objc; path = ComunidadViewController.m; sourceTree = "<group>"; };
		C828959C1C5D1F3F00A9754F /* IncidenciaViewController.h */ = {isa = PBXFileReference; fileEncoding = 4; lastKnownFileType = sourcecode.c.h; path = IncidenciaViewController.h; sourceTree = "<group>"; };
		C828959D1C5D1F3F00A9754F /* IncidenciaViewController.m */ = {isa = PBXFileReference; fileEncoding = 4; lastKnownFileType = sourcecode.c.objc; path = IncidenciaViewController.m; sourceTree = "<group>"; };
		C828959F1C5D240900A9754F /* INCIDENCIAPOREMAILViewController.h */ = {isa = PBXFileReference; fileEncoding = 4; lastKnownFileType = sourcecode.c.h; path = INCIDENCIAPOREMAILViewController.h; sourceTree = "<group>"; };
		C82895A01C5D240900A9754F /* INCIDENCIAPOREMAILViewController.m */ = {isa = PBXFileReference; fileEncoding = 4; lastKnownFileType = sourcecode.c.objc; path = INCIDENCIAPOREMAILViewController.m; sourceTree = "<group>"; };
		C88441E21C6279B800BB487F /* AudioToolbox.framework */ = {isa = PBXFileReference; lastKnownFileType = wrapper.framework; name = AudioToolbox.framework; path = System/Library/Frameworks/AudioToolbox.framework; sourceTree = SDKROOT; };
		C88441E41C6279C700BB487F /* CoreGraphics.framework */ = {isa = PBXFileReference; lastKnownFileType = wrapper.framework; name = CoreGraphics.framework; path = System/Library/Frameworks/CoreGraphics.framework; sourceTree = SDKROOT; };
		C88441E61C6279CE00BB487F /* CoreLocation.framework */ = {isa = PBXFileReference; lastKnownFileType = wrapper.framework; name = CoreLocation.framework; path = System/Library/Frameworks/CoreLocation.framework; sourceTree = SDKROOT; };
		C88441E81C6279D800BB487F /* Security.framework */ = {isa = PBXFileReference; lastKnownFileType = wrapper.framework; name = Security.framework; path = System/Library/Frameworks/Security.framework; sourceTree = SDKROOT; };
		C88441EA1C6279E000BB487F /* StoreKit.framework */ = {isa = PBXFileReference; lastKnownFileType = wrapper.framework; name = StoreKit.framework; path = System/Library/Frameworks/StoreKit.framework; sourceTree = SDKROOT; };
		C88441EC1C6279EA00BB487F /* SystemConfiguration.framework */ = {isa = PBXFileReference; lastKnownFileType = wrapper.framework; name = SystemConfiguration.framework; path = System/Library/Frameworks/SystemConfiguration.framework; sourceTree = SDKROOT; };
		C88441EE1C627A0D00BB487F /* libz.1.1.3.dylib */ = {isa = PBXFileReference; lastKnownFileType = "compiled.mach-o.dylib"; name = libz.1.1.3.dylib; path = usr/lib/libz.1.1.3.dylib; sourceTree = SDKROOT; };
		C88441F01C627A1900BB487F /* libsqlite3.dylib */ = {isa = PBXFileReference; lastKnownFileType = "compiled.mach-o.dylib"; name = libsqlite3.dylib; path = usr/lib/libsqlite3.dylib; sourceTree = SDKROOT; };
		C88441F61C62AA4100BB487F /* CoreFoundation.framework */ = {isa = PBXFileReference; lastKnownFileType = wrapper.framework; name = CoreFoundation.framework; path = System/Library/Frameworks/CoreFoundation.framework; sourceTree = SDKROOT; };
		C88441F81C62AA5700BB487F /* Foundation.framework */ = {isa = PBXFileReference; lastKnownFileType = wrapper.framework; name = Foundation.framework; path = System/Library/Frameworks/Foundation.framework; sourceTree = SDKROOT; };
		C88441FA1C62AA6000BB487F /* UIKit.framework */ = {isa = PBXFileReference; lastKnownFileType = wrapper.framework; name = UIKit.framework; path = System/Library/Frameworks/UIKit.framework; sourceTree = SDKROOT; };
		C88442001C62AC1F00BB487F /* Bolts.framework */ = {isa = PBXFileReference; lastKnownFileType = wrapper.framework; path = Bolts.framework; sourceTree = "<group>"; };
		C88442011C62AC1F00BB487F /* Parse.framework */ = {isa = PBXFileReference; lastKnownFileType = wrapper.framework; path = Parse.framework; sourceTree = "<group>"; };
		C8862CC31C5623B000FB905E /* GHFINCAS.app */ = {isa = PBXFileReference; explicitFileType = wrapper.application; includeInIndex = 0; path = GHFINCAS.app; sourceTree = BUILT_PRODUCTS_DIR; };
		C8862CC71C5623B000FB905E /* Info.plist */ = {isa = PBXFileReference; lastKnownFileType = text.plist.xml; path = Info.plist; sourceTree = "<group>"; };
		C8862CC81C5623B000FB905E /* main.m */ = {isa = PBXFileReference; lastKnownFileType = sourcecode.c.objc; path = main.m; sourceTree = "<group>"; };
		C8862CCA1C5623B000FB905E /* AppDelegate.h */ = {isa = PBXFileReference; lastKnownFileType = sourcecode.c.h; path = AppDelegate.h; sourceTree = "<group>"; };
		C8862CCB1C5623B000FB905E /* AppDelegate.m */ = {isa = PBXFileReference; lastKnownFileType = sourcecode.c.objc; path = AppDelegate.m; sourceTree = "<group>"; };
		C8862CCD1C5623B000FB905E /* FirstViewController.h */ = {isa = PBXFileReference; lastKnownFileType = sourcecode.c.h; path = FirstViewController.h; sourceTree = "<group>"; };
		C8862CCE1C5623B000FB905E /* FirstViewController.m */ = {isa = PBXFileReference; lastKnownFileType = sourcecode.c.objc; path = FirstViewController.m; sourceTree = "<group>"; };
		C8862CD41C5623B000FB905E /* Base */ = {isa = PBXFileReference; lastKnownFileType = file.storyboard; name = Base; path = Base.lproj/Main.storyboard; sourceTree = "<group>"; };
		C8862CD61C5623B000FB905E /* Images.xcassets */ = {isa = PBXFileReference; lastKnownFileType = folder.assetcatalog; path = Images.xcassets; sourceTree = "<group>"; };
		C8862CD91C5623B000FB905E /* Base */ = {isa = PBXFileReference; lastKnownFileType = file.xib; name = Base; path = Base.lproj/LaunchScreen.xib; sourceTree = "<group>"; };
		C8862CDF1C5623B000FB905E /* GHFINCASTests.xctest */ = {isa = PBXFileReference; explicitFileType = wrapper.cfbundle; includeInIndex = 0; path = GHFINCASTests.xctest; sourceTree = BUILT_PRODUCTS_DIR; };
		C8862CE41C5623B000FB905E /* Info.plist */ = {isa = PBXFileReference; lastKnownFileType = text.plist.xml; path = Info.plist; sourceTree = "<group>"; };
		C8862CE51C5623B000FB905E /* GHFINCASTests.m */ = {isa = PBXFileReference; lastKnownFileType = sourcecode.c.objc; path = GHFINCASTests.m; sourceTree = "<group>"; };
		C8862CF01C57693D00FB905E /* FLAT INCIDENCIAS 2.png */ = {isa = PBXFileReference; lastKnownFileType = image.png; path = "FLAT INCIDENCIAS 2.png"; sourceTree = "<group>"; };
		C8862CF11C57693D00FB905E /* flat_24h.png */ = {isa = PBXFileReference; lastKnownFileType = image.png; path = flat_24h.png; sourceTree = "<group>"; };
		C8862CF21C57693D00FB905E /* flat_comunicados.png */ = {isa = PBXFileReference; lastKnownFileType = image.png; path = flat_comunicados.png; sourceTree = "<group>"; };
		C8862CF31C57693D00FB905E /* flat_comunidad.png */ = {isa = PBXFileReference; lastKnownFileType = image.png; path = flat_comunidad.png; sourceTree = "<group>"; };
		C8862CF41C57693D00FB905E /* flat_empresa.png */ = {isa = PBXFileReference; lastKnownFileType = image.png; path = flat_empresa.png; sourceTree = "<group>"; };
		C8862CF51C57693D00FB905E /* flat_empresa2.png */ = {isa = PBXFileReference; lastKnownFileType = image.png; path = flat_empresa2.png; sourceTree = "<group>"; };
		C8862CF61C57693D00FB905E /* flat_incidencias1.png */ = {isa = PBXFileReference; lastKnownFileType = image.png; path = flat_incidencias1.png; sourceTree = "<group>"; };
		C8862CF71C57693D00FB905E /* flat_mail.png */ = {isa = PBXFileReference; lastKnownFileType = image.png; path = flat_mail.png; sourceTree = "<group>"; };
		C8862CF81C57693D00FB905E /* flat_proveedores1.png */ = {isa = PBXFileReference; lastKnownFileType = image.png; path = flat_proveedores1.png; sourceTree = "<group>"; };
		C88989411C5B7D2D0080052E /* SignupViewController.h */ = {isa = PBXFileReference; fileEncoding = 4; lastKnownFileType = sourcecode.c.h; path = SignupViewController.h; sourceTree = "<group>"; };
		C88989421C5B7D2D0080052E /* SignupViewController.m */ = {isa = PBXFileReference; fileEncoding = 4; lastKnownFileType = sourcecode.c.objc; path = SignupViewController.m; sourceTree = "<group>"; };
		C8A431251C62278700076758 /* ParallaxHeaderView.h */ = {isa = PBXFileReference; fileEncoding = 4; lastKnownFileType = sourcecode.c.h; path = ParallaxHeaderView.h; sourceTree = "<group>"; };
		C8A431261C62278700076758 /* ParallaxHeaderView.m */ = {isa = PBXFileReference; fileEncoding = 4; lastKnownFileType = sourcecode.c.objc; path = ParallaxHeaderView.m; sourceTree = "<group>"; };
		C8A431271C62278700076758 /* UIImage+ImageEffects.h */ = {isa = PBXFileReference; fileEncoding = 4; lastKnownFileType = sourcecode.c.h; path = "UIImage+ImageEffects.h"; sourceTree = "<group>"; };
		C8A431281C62278700076758 /* UIImage+ImageEffects.m */ = {isa = PBXFileReference; fileEncoding = 4; lastKnownFileType = sourcecode.c.objc; path = "UIImage+ImageEffects.m"; sourceTree = "<group>"; };
		C8A4312B1C622D4900076758 /* DetalleProveedorViewController.h */ = {isa = PBXFileReference; fileEncoding = 4; lastKnownFileType = sourcecode.c.h; path = DetalleProveedorViewController.h; sourceTree = "<group>"; };
		C8A4312C1C622D4900076758 /* DetalleProveedorViewController.m */ = {isa = PBXFileReference; fileEncoding = 4; lastKnownFileType = sourcecode.c.objc; path = DetalleProveedorViewController.m; sourceTree = "<group>"; };
		C8D6D5E61C5FD8AB002DF570 /* CLScrollview.h */ = {isa = PBXFileReference; fileEncoding = 4; lastKnownFileType = sourcecode.c.h; path = CLScrollview.h; sourceTree = "<group>"; };
		C8D6D5E71C5FD8AB002DF570 /* CLScrollview.m */ = {isa = PBXFileReference; fileEncoding = 4; lastKnownFileType = sourcecode.c.objc; path = CLScrollview.m; sourceTree = "<group>"; };
		C8D6D5E81C5FD8AB002DF570 /* CLTickerView.h */ = {isa = PBXFileReference; fileEncoding = 4; lastKnownFileType = sourcecode.c.h; path = CLTickerView.h; sourceTree = "<group>"; };
		C8D6D5E91C5FD8AB002DF570 /* CLTickerView.m */ = {isa = PBXFileReference; fileEncoding = 4; lastKnownFileType = sourcecode.c.objc; path = CLTickerView.m; sourceTree = "<group>"; };
		C8DEEB511C5BE5E200C8E6CC /* CFNetwork.framework */ = {isa = PBXFileReference; lastKnownFileType = wrapper.framework; name = CFNetwork.framework; path = System/Library/Frameworks/CFNetwork.framework; sourceTree = SDKROOT; };
		C8DEEB631C5CDB3900C8E6CC /* MessageUI.framework */ = {isa = PBXFileReference; lastKnownFileType = wrapper.framework; name = MessageUI.framework; path = System/Library/Frameworks/MessageUI.framework; sourceTree = SDKROOT; };
/* End PBXFileReference section */

/* Begin PBXFrameworksBuildPhase section */
		C8862CC01C5623B000FB905E /* Frameworks */ = {
			isa = PBXFrameworksBuildPhase;
			buildActionMask = 2147483647;
			files = (
				C88441F11C627A1900BB487F /* libsqlite3.dylib in Frameworks */,
				C88441EF1C627A0D00BB487F /* libz.1.1.3.dylib in Frameworks */,
				C88441ED1C6279EA00BB487F /* SystemConfiguration.framework in Frameworks */,
				C88442021C62AC1F00BB487F /* Bolts.framework in Frameworks */,
				C88441EB1C6279E000BB487F /* StoreKit.framework in Frameworks */,
				C88441E91C6279D800BB487F /* Security.framework in Frameworks */,
				C88442031C62AC1F00BB487F /* Parse.framework in Frameworks */,
				C88441E51C6279C700BB487F /* CoreGraphics.framework in Frameworks */,
				C8DEEB521C5BE5E200C8E6CC /* CFNetwork.framework in Frameworks */,
				C88441E31C6279B800BB487F /* AudioToolbox.framework in Frameworks */,
				7894433D1C612DAF00386976 /* libxml2.dylib in Frameworks */,
				C824AFF51C5FCF560099479F /* QuartzCore.framework in Frameworks */,
				C8DEEB641C5CDB3900C8E6CC /* MessageUI.framework in Frameworks */,
			);
			runOnlyForDeploymentPostprocessing = 0;
		};
		C8862CDC1C5623B000FB905E /* Frameworks */ = {
			isa = PBXFrameworksBuildPhase;
			buildActionMask = 2147483647;
			files = (
			);
			runOnlyForDeploymentPostprocessing = 0;
		};
/* End PBXFrameworksBuildPhase section */

/* Begin PBXGroup section */
		788B65CA1C57EE8300081ABB /* SPECIAL VIEWS */ = {
			isa = PBXGroup;
			children = (
				C8D6D5E51C5FD890002DF570 /* CLTICKERVIEW */,
				C824AFDF1C5FC0F40099479F /* KVNProgress */,
				C824AFDB1C5F9D970099479F /* TextView+PlaceHolder */,
				78BC73BC1C582243001E2AFB /* PreogressView */,
				788B65CB1C57EE9500081ABB /* ALERTVIEW */,
			);
			name = "SPECIAL VIEWS";
			sourceTree = "<group>";
		};
		788B65CB1C57EE9500081ABB /* ALERTVIEW */ = {
			isa = PBXGroup;
			children = (
				788B65D11C57EF5100081ABB /* ILAlertView.h */,
				788B65D21C57EF5100081ABB /* ILAlertView.m */,
				788B65CC1C57EEE400081ABB /* imagenes fondo */,
			);
			name = ALERTVIEW;
			sourceTree = "<group>";
		};
		788B65CC1C57EEE400081ABB /* imagenes fondo */ = {
			isa = PBXGroup;
			children = (
				788B65CD1C57EF2900081ABB /* alertBkg.png */,
				788B65CE1C57EF2900081ABB /* alertBkg@2x.png */,
			);
			name = "imagenes fondo";
			sourceTree = "<group>";
		};
		788B65D41C57F81200081ABB /* FONDO */ = {
			isa = PBXGroup;
			children = (
				788B65D51C57F82F00081ABB /* fondo2.jpg */,
			);
			name = FONDO;
			sourceTree = "<group>";
		};
		7894432E1C612BB500386976 /* WEBMODEL */ = {
			isa = PBXGroup;
			children = (
				7894432F1C612BE400386976 /* ProveedorModel.h */,
				789443301C612BE400386976 /* ProveedorModel.m */,
				C81E8BB51C6499610078AE93 /* NotificacionModel.h */,
				C81E8BB61C6499610078AE93 /* NotificacionModel.m */,
				C81E8BBC1C64C4CE0078AE93 /* CorrecionComunidadModel.h */,
				C81E8BBD1C64C4CE0078AE93 /* CorrecionComunidadModel.m */,
			);
			name = WEBMODEL;
			sourceTree = "<group>";
		};
		789443321C612D0200386976 /* HPPLE */ = {
			isa = PBXGroup;
			children = (
				789443331C612D1900386976 /* TFHpple.h */,
				789443341C612D1900386976 /* TFHpple.m */,
				789443351C612D1900386976 /* TFHppleElement.h */,
				789443361C612D1900386976 /* TFHppleElement.m */,
				789443371C612D1900386976 /* XPathQuery.h */,
				789443381C612D1900386976 /* XPathQuery.m */,
			);
			name = HPPLE;
			sourceTree = "<group>";
		};
		7894433E1C6169F300386976 /* HTML SHITS */ = {
			isa = PBXGroup;
			children = (
				7894433F1C616A0E00386976 /* NSString_stripHtml.h */,
				789443401C616A0E00386976 /* NSString_stripHtml.m */,
			);
			name = "HTML SHITS";
			sourceTree = "<group>";
		};
		78BC73BC1C582243001E2AFB /* PreogressView */ = {
			isa = PBXGroup;
			children = (
				78BC73BD1C582261001E2AFB /* UCZProgressView.h */,
				78BC73BE1C582261001E2AFB /* UCZProgressView.m */,
			);
			name = PreogressView;
			sourceTree = "<group>";
		};
		78C80AEE1C61E5CF00430008 /* SDWebImage */ = {
			isa = PBXGroup;
			children = (
				78C80AEF1C61E5EA00430008 /* MKAnnotationView+WebCache.h */,
				78C80AF01C61E5EA00430008 /* MKAnnotationView+WebCache.m */,
				78C80AF11C61E5EA00430008 /* NSData+ImageContentType.h */,
				78C80AF21C61E5EA00430008 /* NSData+ImageContentType.m */,
				78C80AF31C61E5EA00430008 /* SDImageCache.h */,
				78C80AF41C61E5EA00430008 /* SDImageCache.m */,
				78C80AF51C61E5EA00430008 /* SDWebImageCompat.h */,
				78C80AF61C61E5EA00430008 /* SDWebImageCompat.m */,
				78C80AF71C61E5EA00430008 /* SDWebImageDecoder.h */,
				78C80AF81C61E5EA00430008 /* SDWebImageDecoder.m */,
				78C80AF91C61E5EA00430008 /* SDWebImageDownloader.h */,
				78C80AFA1C61E5EA00430008 /* SDWebImageDownloader.m */,
				78C80AFB1C61E5EA00430008 /* SDWebImageDownloaderOperation.h */,
				78C80AFC1C61E5EA00430008 /* SDWebImageDownloaderOperation.m */,
				78C80AFD1C61E5EA00430008 /* SDWebImageManager.h */,
				78C80AFE1C61E5EA00430008 /* SDWebImageManager.m */,
				78C80AFF1C61E5EA00430008 /* SDWebImageOperation.h */,
				78C80B001C61E5EA00430008 /* SDWebImagePrefetcher.h */,
				78C80B011C61E5EA00430008 /* SDWebImagePrefetcher.m */,
				78C80B021C61E5EA00430008 /* UIButton+WebCache.h */,
				78C80B031C61E5EA00430008 /* UIButton+WebCache.m */,
				78C80B041C61E5EA00430008 /* UIImage+GIF.h */,
				78C80B051C61E5EA00430008 /* UIImage+GIF.m */,
				78C80B061C61E5EA00430008 /* UIImage+MultiFormat.h */,
				78C80B071C61E5EA00430008 /* UIImage+MultiFormat.m */,
				78C80B081C61E5EA00430008 /* UIImage+WebP.h */,
				78C80B091C61E5EA00430008 /* UIImage+WebP.m */,
				78C80B0A1C61E5EA00430008 /* UIImageView+HighlightedWebCache.h */,
				78C80B0B1C61E5EA00430008 /* UIImageView+HighlightedWebCache.m */,
				78C80B0C1C61E5EA00430008 /* UIImageView+WebCache.h */,
				78C80B0D1C61E5EA00430008 /* UIImageView+WebCache.m */,
				78C80B0E1C61E5EA00430008 /* UIView+WebCacheOperation.h */,
				78C80B0F1C61E5EA00430008 /* UIView+WebCacheOperation.m */,
			);
			name = SDWebImage;
			sourceTree = "<group>";
		};
		C81E8BB81C64B0E70078AE93 /* CELDAS */ = {
			isa = PBXGroup;
			children = (
				7894432B1C61233000386976 /* ProveedoresCellTableViewCell.h */,
				7894432C1C61233000386976 /* ProveedoresCellTableViewCell.m */,
				C81E8BB91C64B1060078AE93 /* NotificacionesTableViewCell.h */,
				C81E8BBA1C64B1060078AE93 /* NotificacionesTableViewCell.m */,
			);
			name = CELDAS;
			sourceTree = "<group>";
		};
		C824AFDB1C5F9D970099479F /* TextView+PlaceHolder */ = {
			isa = PBXGroup;
			children = (
				C824AFDC1C5F9DE60099479F /* UITextView+Placeholder.h */,
				C824AFDD1C5F9DE60099479F /* UITextView+Placeholder.m */,
			);
			name = "TextView+PlaceHolder";
			sourceTree = "<group>";
		};
		C824AFDF1C5FC0F40099479F /* KVNProgress */ = {
			isa = PBXGroup;
			children = (
				C824AFF31C5FC9D60099479F /* KVNProgressView.xib */,
				C824AFE61C5FC14B0099479F /* UIColor+KVNContrast.h */,
				C824AFE71C5FC14B0099479F /* UIColor+KVNContrast.m */,
				C824AFE81C5FC14B0099479F /* UIImage+KVNEmpty.h */,
				C824AFE91C5FC14B0099479F /* UIImage+KVNEmpty.m */,
				C824AFEA1C5FC14B0099479F /* UIImage+KVNImageEffects.h */,
				C824AFEB1C5FC14B0099479F /* UIImage+KVNImageEffects.m */,
				C824AFE01C5FC1320099479F /* KVNProgress.h */,
				C824AFE11C5FC1320099479F /* KVNProgress.m */,
				C824AFE21C5FC1320099479F /* KVNProgressConfiguration.h */,
				C824AFE31C5FC1320099479F /* KVNProgressConfiguration.m */,
			);
			name = KVNProgress;
			sourceTree = "<group>";
		};
		C88441D51C62792D00BB487F /* PARSE */ = {
			isa = PBXGroup;
			children = (
				C88442001C62AC1F00BB487F /* Bolts.framework */,
				C88442011C62AC1F00BB487F /* Parse.framework */,
			);
			name = PARSE;
			sourceTree = "<group>";
		};
		C8862CBA1C5623B000FB905E = {
			isa = PBXGroup;
			children = (
				C88441FA1C62AA6000BB487F /* UIKit.framework */,
				C88441F81C62AA5700BB487F /* Foundation.framework */,
				C88441F61C62AA4100BB487F /* CoreFoundation.framework */,
				C88441F01C627A1900BB487F /* libsqlite3.dylib */,
				C88441EE1C627A0D00BB487F /* libz.1.1.3.dylib */,
				C88441EC1C6279EA00BB487F /* SystemConfiguration.framework */,
				C88441EA1C6279E000BB487F /* StoreKit.framework */,
				C88441E81C6279D800BB487F /* Security.framework */,
				C88441E61C6279CE00BB487F /* CoreLocation.framework */,
				C88441E41C6279C700BB487F /* CoreGraphics.framework */,
				C88441E21C6279B800BB487F /* AudioToolbox.framework */,
				7894433C1C612DAF00386976 /* libxml2.dylib */,
				C824AFF11C5FC7880099479F /* GLKit.framework */,
				C824AFEF1C5FC77C0099479F /* QuartzCore.framework */,
				C8DEEB631C5CDB3900C8E6CC /* MessageUI.framework */,
				C8DEEB511C5BE5E200C8E6CC /* CFNetwork.framework */,
				C8862CC51C5623B000FB905E /* GHFINCAS */,
				C8862CE21C5623B000FB905E /* GHFINCASTests */,
				C8862CC41C5623B000FB905E /* Products */,
			);
			sourceTree = "<group>";
		};
		C8862CC41C5623B000FB905E /* Products */ = {
			isa = PBXGroup;
			children = (
				C8862CC31C5623B000FB905E /* GHFINCAS.app */,
				C8862CDF1C5623B000FB905E /* GHFINCASTests.xctest */,
			);
			name = Products;
			sourceTree = "<group>";
		};
		C8862CC51C5623B000FB905E /* GHFINCAS */ = {
			isa = PBXGroup;
			children = (
				C88441D51C62792D00BB487F /* PARSE */,
				C8A431241C62277400076758 /* PARALALLAX */,
				78C80AEE1C61E5CF00430008 /* SDWebImage */,
				7894433E1C6169F300386976 /* HTML SHITS */,
				789443321C612D0200386976 /* HPPLE */,
				7894432E1C612BB500386976 /* WEBMODEL */,
				C8DEEB531C5BE61E00C8E6CC /* SMTPLIBRARY */,
				788B65CA1C57EE8300081ABB /* SPECIAL VIEWS */,
				C8862CCA1C5623B000FB905E /* AppDelegate.h */,
				C8862CCB1C5623B000FB905E /* AppDelegate.m */,
				C8862CCD1C5623B000FB905E /* FirstViewController.h */,
				C8862CCE1C5623B000FB905E /* FirstViewController.m */,
				C81E8BB11C6498FA0078AE93 /* NotificacionesFromWebTableViewController.h */,
				C81E8BB21C6498FA0078AE93 /* NotificacionesFromWebTableViewController.m */,
				789443281C61201E00386976 /* ProveedoresTableViewController.h */,
				789443291C61201E00386976 /* ProveedoresTableViewController.m */,
				C8A4312B1C622D4900076758 /* DetalleProveedorViewController.h */,
				C8A4312C1C622D4900076758 /* DetalleProveedorViewController.m */,
				788B65D71C57FB4700081ABB /* LoginViewController.h */,
				788B65D81C57FB4700081ABB /* LoginViewController.m */,
				C82895991C5D1C4300A9754F /* ComunidadViewController.h */,
				C828959A1C5D1C4300A9754F /* ComunidadViewController.m */,
				C88989411C5B7D2D0080052E /* SignupViewController.h */,
				C88989421C5B7D2D0080052E /* SignupViewController.m */,
				C828959C1C5D1F3F00A9754F /* IncidenciaViewController.h */,
				C828959D1C5D1F3F00A9754F /* IncidenciaViewController.m */,
				C828959F1C5D240900A9754F /* INCIDENCIAPOREMAILViewController.h */,
				C82895A01C5D240900A9754F /* INCIDENCIAPOREMAILViewController.m */,
				C81E8BB81C64B0E70078AE93 /* CELDAS */,
				C8862CD31C5623B000FB905E /* Main.storyboard */,
				C8862CD61C5623B000FB905E /* Images.xcassets */,
				C8862CD81C5623B000FB905E /* LaunchScreen.xib */,
				C8862CC61C5623B000FB905E /* Supporting Files */,
			);
			path = GHFINCAS;
			sourceTree = "<group>";
		};
		C8862CC61C5623B000FB905E /* Supporting Files */ = {
			isa = PBXGroup;
			children = (
				788B65D41C57F81200081ABB /* FONDO */,
				C8862CEF1C5768CC00FB905E /* iconos */,
				C8862CC71C5623B000FB905E /* Info.plist */,
				C8862CC81C5623B000FB905E /* main.m */,
			);
			name = "Supporting Files";
			sourceTree = "<group>";
		};
		C8862CE21C5623B000FB905E /* GHFINCASTests */ = {
			isa = PBXGroup;
			children = (
				C8862CE51C5623B000FB905E /* GHFINCASTests.m */,
				C8862CE31C5623B000FB905E /* Supporting Files */,
			);
			path = GHFINCASTests;
			sourceTree = "<group>";
		};
		C8862CE31C5623B000FB905E /* Supporting Files */ = {
			isa = PBXGroup;
			children = (
				C8862CE41C5623B000FB905E /* Info.plist */,
			);
			name = "Supporting Files";
			sourceTree = "<group>";
		};
		C8862CEF1C5768CC00FB905E /* iconos */ = {
			isa = PBXGroup;
			children = (
				C80A0EB71C576EF8003E2013 /* fondoghfincasactivity1.png */,
				C80A0EB81C576EF8003E2013 /* jrdvsoftlogo.png */,
				C80A0EB91C576EF8003E2013 /* logo7.jpg */,
				C80A0EBA1C576EF8003E2013 /* logo7redondo.png */,
				C80A0EBB1C576EF8003E2013 /* logo7redondo 2.png */,
				C80A0EBC1C576EF8003E2013 /* web.png */,
				C8862CF01C57693D00FB905E /* FLAT INCIDENCIAS 2.png */,
				C8862CF11C57693D00FB905E /* flat_24h.png */,
				C8862CF21C57693D00FB905E /* flat_comunicados.png */,
				C8862CF31C57693D00FB905E /* flat_comunidad.png */,
				C8862CF41C57693D00FB905E /* flat_empresa.png */,
				C8862CF51C57693D00FB905E /* flat_empresa2.png */,
				C8862CF61C57693D00FB905E /* flat_incidencias1.png */,
				C8862CF71C57693D00FB905E /* flat_mail.png */,
				C8862CF81C57693D00FB905E /* flat_proveedores1.png */,
			);
			name = iconos;
			sourceTree = "<group>";
		};
		C8A431241C62277400076758 /* PARALALLAX */ = {
			isa = PBXGroup;
			children = (
				C8A431251C62278700076758 /* ParallaxHeaderView.h */,
				C8A431261C62278700076758 /* ParallaxHeaderView.m */,
				C8A431271C62278700076758 /* UIImage+ImageEffects.h */,
				C8A431281C62278700076758 /* UIImage+ImageEffects.m */,
			);
			name = PARALALLAX;
			sourceTree = "<group>";
		};
		C8D6D5E51C5FD890002DF570 /* CLTICKERVIEW */ = {
			isa = PBXGroup;
			children = (
				C8D6D5E61C5FD8AB002DF570 /* CLScrollview.h */,
				C8D6D5E71C5FD8AB002DF570 /* CLScrollview.m */,
				C8D6D5E81C5FD8AB002DF570 /* CLTickerView.h */,
				C8D6D5E91C5FD8AB002DF570 /* CLTickerView.m */,
			);
			name = CLTICKERVIEW;
			sourceTree = "<group>";
		};
		C8DEEB531C5BE61E00C8E6CC /* SMTPLIBRARY */ = {
			isa = PBXGroup;
			children = (
				C828958A1C5D170C00A9754F /* Base64Transcoder.h */,
				C828958B1C5D170C00A9754F /* Base64Transcoder.m */,
				C828958C1C5D170C00A9754F /* HSK_CFUtilities.h */,
				C828958D1C5D170C00A9754F /* HSK_CFUtilities.m */,
				C828958E1C5D170C00A9754F /* NSData+Base64Additions.h */,
				C828958F1C5D170C00A9754F /* NSData+Base64Additions.m */,
				C82895901C5D170D00A9754F /* NSStream+SKPSMTPExtensions.h */,
				C82895911C5D170D00A9754F /* NSStream+SKPSMTPExtensions.m */,
				C82895921C5D170D00A9754F /* SKPSMTPMessage.h */,
				C82895931C5D170D00A9754F /* SKPSMTPMessage.m */,
			);
			name = SMTPLIBRARY;
			sourceTree = "<group>";
		};
/* End PBXGroup section */

/* Begin PBXNativeTarget section */
		C8862CC21C5623B000FB905E /* GHFINCAS */ = {
			isa = PBXNativeTarget;
			buildConfigurationList = C8862CE91C5623B000FB905E /* Build configuration list for PBXNativeTarget "GHFINCAS" */;
			buildPhases = (
				C8862CBF1C5623B000FB905E /* Sources */,
				C8862CC01C5623B000FB905E /* Frameworks */,
				C8862CC11C5623B000FB905E /* Resources */,
			);
			buildRules = (
			);
			dependencies = (
			);
			name = GHFINCAS;
			productName = GHFINCAS;
			productReference = C8862CC31C5623B000FB905E /* GHFINCAS.app */;
			productType = "com.apple.product-type.application";
		};
		C8862CDE1C5623B000FB905E /* GHFINCASTests */ = {
			isa = PBXNativeTarget;
			buildConfigurationList = C8862CEC1C5623B000FB905E /* Build configuration list for PBXNativeTarget "GHFINCASTests" */;
			buildPhases = (
				C8862CDB1C5623B000FB905E /* Sources */,
				C8862CDC1C5623B000FB905E /* Frameworks */,
				C8862CDD1C5623B000FB905E /* Resources */,
			);
			buildRules = (
			);
			dependencies = (
				C8862CE11C5623B000FB905E /* PBXTargetDependency */,
			);
			name = GHFINCASTests;
			productName = GHFINCASTests;
			productReference = C8862CDF1C5623B000FB905E /* GHFINCASTests.xctest */;
			productType = "com.apple.product-type.bundle.unit-test";
		};
/* End PBXNativeTarget section */

/* Begin PBXProject section */
		C8862CBB1C5623B000FB905E /* Project object */ = {
			isa = PBXProject;
			attributes = {
				LastUpgradeCheck = 0620;
				ORGANIZATIONNAME = JRDV;
				TargetAttributes = {
					C8862CC21C5623B000FB905E = {
						CreatedOnToolsVersion = 6.2;
					};
					C8862CDE1C5623B000FB905E = {
						CreatedOnToolsVersion = 6.2;
						TestTargetID = C8862CC21C5623B000FB905E;
					};
				};
			};
			buildConfigurationList = C8862CBE1C5623B000FB905E /* Build configuration list for PBXProject "GHFINCAS" */;
			compatibilityVersion = "Xcode 3.2";
			developmentRegion = English;
			hasScannedForEncodings = 0;
			knownRegions = (
				en,
				Base,
			);
			mainGroup = C8862CBA1C5623B000FB905E;
			productRefGroup = C8862CC41C5623B000FB905E /* Products */;
			projectDirPath = "";
			projectRoot = "";
			targets = (
				C8862CC21C5623B000FB905E /* GHFINCAS */,
				C8862CDE1C5623B000FB905E /* GHFINCASTests */,
			);
		};
/* End PBXProject section */

/* Begin PBXResourcesBuildPhase section */
		C8862CC11C5623B000FB905E /* Resources */ = {
			isa = PBXResourcesBuildPhase;
			buildActionMask = 2147483647;
			files = (
				C80A0EC11C576EF8003E2013 /* logo7redondo 2.png in Resources */,
				C8862CF91C57693D00FB905E /* FLAT INCIDENCIAS 2.png in Resources */,
				788B65CF1C57EF2900081ABB /* alertBkg.png in Resources */,
				C824AFF41C5FC9D60099479F /* KVNProgressView.xib in Resources */,
				C80A0EBF1C576EF8003E2013 /* logo7.jpg in Resources */,
				C8862D011C57693D00FB905E /* flat_proveedores1.png in Resources */,
				C8862D001C57693D00FB905E /* flat_mail.png in Resources */,
				C8862CD51C5623B000FB905E /* Main.storyboard in Resources */,
				C80A0EBE1C576EF8003E2013 /* jrdvsoftlogo.png in Resources */,
				788B65D01C57EF2900081ABB /* alertBkg@2x.png in Resources */,
				C80A0EC01C576EF8003E2013 /* logo7redondo.png in Resources */,
				C8862CDA1C5623B000FB905E /* LaunchScreen.xib in Resources */,
				C8862CFA1C57693D00FB905E /* flat_24h.png in Resources */,
				C8862CFE1C57693D00FB905E /* flat_empresa2.png in Resources */,
				C8862CFC1C57693D00FB905E /* flat_comunidad.png in Resources */,
				C80A0EC21C576EF8003E2013 /* web.png in Resources */,
				C8862CFB1C57693D00FB905E /* flat_comunicados.png in Resources */,
				C80A0EBD1C576EF8003E2013 /* fondoghfincasactivity1.png in Resources */,
				C8862CFD1C57693D00FB905E /* flat_empresa.png in Resources */,
				788B65D61C57F82F00081ABB /* fondo2.jpg in Resources */,
				C8862CD71C5623B000FB905E /* Images.xcassets in Resources */,
				C8862CFF1C57693D00FB905E /* flat_incidencias1.png in Resources */,
			);
			runOnlyForDeploymentPostprocessing = 0;
		};
		C8862CDD1C5623B000FB905E /* Resources */ = {
			isa = PBXResourcesBuildPhase;
			buildActionMask = 2147483647;
			files = (
			);
			runOnlyForDeploymentPostprocessing = 0;
		};
/* End PBXResourcesBuildPhase section */

/* Begin PBXSourcesBuildPhase section */
		C8862CBF1C5623B000FB905E /* Sources */ = {
			isa = PBXSourcesBuildPhase;
			buildActionMask = 2147483647;
			files = (
				C82895981C5D170D00A9754F /* SKPSMTPMessage.m in Sources */,
				C8D6D5EA1C5FD8AB002DF570 /* CLScrollview.m in Sources */,
				C828959B1C5D1C4300A9754F /* ComunidadViewController.m in Sources */,
				78C80B181C61E5EA00430008 /* SDWebImagePrefetcher.m in Sources */,
				C82895961C5D170D00A9754F /* NSData+Base64Additions.m in Sources */,
				78C80B161C61E5EA00430008 /* SDWebImageDownloaderOperation.m in Sources */,
				C8A4312D1C622D4900076758 /* DetalleProveedorViewController.m in Sources */,
				78C80B1D1C61E5EA00430008 /* UIImageView+HighlightedWebCache.m in Sources */,
				C828959E1C5D1F3F00A9754F /* IncidenciaViewController.m in Sources */,
				C81E8BBB1C64B1060078AE93 /* NotificacionesTableViewCell.m in Sources */,
				C82895951C5D170D00A9754F /* HSK_CFUtilities.m in Sources */,
				C824AFEC1C5FC14B0099479F /* UIColor+KVNContrast.m in Sources */,
				78C80B1C1C61E5EA00430008 /* UIImage+WebP.m in Sources */,
				C8A431291C62278700076758 /* ParallaxHeaderView.m in Sources */,
				C81E8BB71C6499610078AE93 /* NotificacionModel.m in Sources */,
				78C80B141C61E5EA00430008 /* SDWebImageDecoder.m in Sources */,
				78C80B1B1C61E5EA00430008 /* UIImage+MultiFormat.m in Sources */,
				78C80B121C61E5EA00430008 /* SDImageCache.m in Sources */,
				C81E8BBE1C64C4CE0078AE93 /* CorrecionComunidadModel.m in Sources */,
				C824AFDE1C5F9DE60099479F /* UITextView+Placeholder.m in Sources */,
				7894433A1C612D1900386976 /* TFHppleElement.m in Sources */,
				789443411C616A0E00386976 /* NSString_stripHtml.m in Sources */,
				78C80B131C61E5EA00430008 /* SDWebImageCompat.m in Sources */,
				C82895941C5D170D00A9754F /* Base64Transcoder.m in Sources */,
				78C80B1A1C61E5EA00430008 /* UIImage+GIF.m in Sources */,
				78C80B171C61E5EA00430008 /* SDWebImageManager.m in Sources */,
				78BC73BF1C582261001E2AFB /* UCZProgressView.m in Sources */,
				C8862CCC1C5623B000FB905E /* AppDelegate.m in Sources */,
				788B65D91C57FB4700081ABB /* LoginViewController.m in Sources */,
				C824AFEE1C5FC14B0099479F /* UIImage+KVNImageEffects.m in Sources */,
				C824AFE51C5FC1320099479F /* KVNProgressConfiguration.m in Sources */,
				C8862CCF1C5623B000FB905E /* FirstViewController.m in Sources */,
				7894433B1C612D1900386976 /* XPathQuery.m in Sources */,
				788B65D31C57EF5100081ABB /* ILAlertView.m in Sources */,
				7894432A1C61201E00386976 /* ProveedoresTableViewController.m in Sources */,
				78C80B1F1C61E5EA00430008 /* UIView+WebCacheOperation.m in Sources */,
				C8A4312A1C62278700076758 /* UIImage+ImageEffects.m in Sources */,
				C824AFED1C5FC14B0099479F /* UIImage+KVNEmpty.m in Sources */,
				78C80B101C61E5EA00430008 /* MKAnnotationView+WebCache.m in Sources */,
				C81E8BB31C6498FA0078AE93 /* NotificacionesFromWebTableViewController.m in Sources */,
				78C80B1E1C61E5EA00430008 /* UIImageView+WebCache.m in Sources */,
				7894432D1C61233000386976 /* ProveedoresCellTableViewCell.m in Sources */,
				C82895A11C5D240900A9754F /* INCIDENCIAPOREMAILViewController.m in Sources */,
				C824AFE41C5FC1320099479F /* KVNProgress.m in Sources */,
				78C80B151C61E5EA00430008 /* SDWebImageDownloader.m in Sources */,
				C82895971C5D170D00A9754F /* NSStream+SKPSMTPExtensions.m in Sources */,
				78C80B111C61E5EA00430008 /* NSData+ImageContentType.m in Sources */,
				789443391C612D1900386976 /* TFHpple.m in Sources */,
				C8D6D5EB1C5FD8AB002DF570 /* CLTickerView.m in Sources */,
				C88989431C5B7D2D0080052E /* SignupViewController.m in Sources */,
				78C80B191C61E5EA00430008 /* UIButton+WebCache.m in Sources */,
				789443311C612BE400386976 /* ProveedorModel.m in Sources */,
				C8862CC91C5623B000FB905E /* main.m in Sources */,
			);
			runOnlyForDeploymentPostprocessing = 0;
		};
		C8862CDB1C5623B000FB905E /* Sources */ = {
			isa = PBXSourcesBuildPhase;
			buildActionMask = 2147483647;
			files = (
				C8862CE61C5623B000FB905E /* GHFINCASTests.m in Sources */,
			);
			runOnlyForDeploymentPostprocessing = 0;
		};
/* End PBXSourcesBuildPhase section */

/* Begin PBXTargetDependency section */
		C8862CE11C5623B000FB905E /* PBXTargetDependency */ = {
			isa = PBXTargetDependency;
			target = C8862CC21C5623B000FB905E /* GHFINCAS */;
			targetProxy = C8862CE01C5623B000FB905E /* PBXContainerItemProxy */;
		};
/* End PBXTargetDependency section */

/* Begin PBXVariantGroup section */
		C8862CD31C5623B000FB905E /* Main.storyboard */ = {
			isa = PBXVariantGroup;
			children = (
				C8862CD41C5623B000FB905E /* Base */,
			);
			name = Main.storyboard;
			sourceTree = "<group>";
		};
		C8862CD81C5623B000FB905E /* LaunchScreen.xib */ = {
			isa = PBXVariantGroup;
			children = (
				C8862CD91C5623B000FB905E /* Base */,
			);
			name = LaunchScreen.xib;
			sourceTree = "<group>";
		};
/* End PBXVariantGroup section */

/* Begin XCBuildConfiguration section */
		C8862CE71C5623B000FB905E /* Debug */ = {
			isa = XCBuildConfiguration;
			buildSettings = {
				ALWAYS_SEARCH_USER_PATHS = NO;
				CLANG_CXX_LANGUAGE_STANDARD = "gnu++0x";
				CLANG_CXX_LIBRARY = "libc++";
				CLANG_ENABLE_MODULES = YES;
				CLANG_ENABLE_OBJC_ARC = YES;
				CLANG_WARN_BOOL_CONVERSION = YES;
				CLANG_WARN_CONSTANT_CONVERSION = YES;
				CLANG_WARN_DIRECT_OBJC_ISA_USAGE = YES_ERROR;
				CLANG_WARN_EMPTY_BODY = YES;
				CLANG_WARN_ENUM_CONVERSION = YES;
				CLANG_WARN_INT_CONVERSION = YES;
				CLANG_WARN_OBJC_ROOT_CLASS = YES_ERROR;
				CLANG_WARN_UNREACHABLE_CODE = YES;
				CLANG_WARN__DUPLICATE_METHOD_MATCH = YES;
				"CODE_SIGN_IDENTITY[sdk=iphoneos*]" = "iPhone Developer";
				COPY_PHASE_STRIP = NO;
				ENABLE_STRICT_OBJC_MSGSEND = YES;
				GCC_C_LANGUAGE_STANDARD = gnu99;
				GCC_DYNAMIC_NO_PIC = NO;
				GCC_OPTIMIZATION_LEVEL = 0;
				GCC_PREPROCESSOR_DEFINITIONS = (
					"DEBUG=1",
					"$(inherited)",
				);
				GCC_SYMBOLS_PRIVATE_EXTERN = NO;
				GCC_WARN_64_TO_32_BIT_CONVERSION = YES;
				GCC_WARN_ABOUT_RETURN_TYPE = YES_ERROR;
				GCC_WARN_UNDECLARED_SELECTOR = YES;
				GCC_WARN_UNINITIALIZED_AUTOS = YES_AGGRESSIVE;
				GCC_WARN_UNUSED_FUNCTION = YES;
				GCC_WARN_UNUSED_VARIABLE = YES;
				IPHONEOS_DEPLOYMENT_TARGET = 8.2;
				MTL_ENABLE_DEBUG_INFO = YES;
				ONLY_ACTIVE_ARCH = YES;
				SDKROOT = iphoneos;
			};
			name = Debug;
		};
		C8862CE81C5623B000FB905E /* Release */ = {
			isa = XCBuildConfiguration;
			buildSettings = {
				ALWAYS_SEARCH_USER_PATHS = NO;
				CLANG_CXX_LANGUAGE_STANDARD = "gnu++0x";
				CLANG_CXX_LIBRARY = "libc++";
				CLANG_ENABLE_MODULES = YES;
				CLANG_ENABLE_OBJC_ARC = YES;
				CLANG_WARN_BOOL_CONVERSION = YES;
				CLANG_WARN_CONSTANT_CONVERSION = YES;
				CLANG_WARN_DIRECT_OBJC_ISA_USAGE = YES_ERROR;
				CLANG_WARN_EMPTY_BODY = YES;
				CLANG_WARN_ENUM_CONVERSION = YES;
				CLANG_WARN_INT_CONVERSION = YES;
				CLANG_WARN_OBJC_ROOT_CLASS = YES_ERROR;
				CLANG_WARN_UNREACHABLE_CODE = YES;
				CLANG_WARN__DUPLICATE_METHOD_MATCH = YES;
				"CODE_SIGN_IDENTITY[sdk=iphoneos*]" = "iPhone Developer";
				COPY_PHASE_STRIP = NO;
				ENABLE_NS_ASSERTIONS = NO;
				ENABLE_STRICT_OBJC_MSGSEND = YES;
				GCC_C_LANGUAGE_STANDARD = gnu99;
				GCC_WARN_64_TO_32_BIT_CONVERSION = YES;
				GCC_WARN_ABOUT_RETURN_TYPE = YES_ERROR;
				GCC_WARN_UNDECLARED_SELECTOR = YES;
				GCC_WARN_UNINITIALIZED_AUTOS = YES_AGGRESSIVE;
				GCC_WARN_UNUSED_FUNCTION = YES;
				GCC_WARN_UNUSED_VARIABLE = YES;
				IPHONEOS_DEPLOYMENT_TARGET = 8.2;
				MTL_ENABLE_DEBUG_INFO = NO;
				SDKROOT = iphoneos;
				VALIDATE_PRODUCT = YES;
			};
			name = Release;
		};
		C8862CEA1C5623B000FB905E /* Debug */ = {
			isa = XCBuildConfiguration;
			buildSettings = {
				ASSETCATALOG_COMPILER_APPICON_NAME = AppIcon;
				FRAMEWORK_SEARCH_PATHS = (
					"$(inherited)",
					"$(PROJECT_DIR)/GHFINCAS",
				);
				HEADER_SEARCH_PATHS = (
					"$(inherited)",
					"$(SDKROOT)/usr/include/libxml2",
					/Applications/Xcode.app/Contents/Developer/Toolchains/XcodeDefault.xctoolchain/usr/include/,
				);
				INFOPLIST_FILE = GHFINCAS/Info.plist;
				IPHONEOS_DEPLOYMENT_TARGET = 7.1;
				LD_RUNPATH_SEARCH_PATHS = "$(inherited) @executable_path/Frameworks";
				PRODUCT_NAME = "$(TARGET_NAME)";
			};
			name = Debug;
		};
		C8862CEB1C5623B000FB905E /* Release */ = {
			isa = XCBuildConfiguration;
			buildSettings = {
				ASSETCATALOG_COMPILER_APPICON_NAME = AppIcon;
				FRAMEWORK_SEARCH_PATHS = (
					"$(inherited)",
					"$(PROJECT_DIR)/GHFINCAS",
				);
				HEADER_SEARCH_PATHS = (
					"$(inherited)",
					"$(SDKROOT)/usr/include/libxml2",
					/Applications/Xcode.app/Contents/Developer/Toolchains/XcodeDefault.xctoolchain/usr/include/,
				);
				INFOPLIST_FILE = GHFINCAS/Info.plist;
				IPHONEOS_DEPLOYMENT_TARGET = 7.1;
				LD_RUNPATH_SEARCH_PATHS = "$(inherited) @executable_path/Frameworks";
				PRODUCT_NAME = "$(TARGET_NAME)";
			};
			name = Release;
		};
		C8862CED1C5623B000FB905E /* Debug */ = {
			isa = XCBuildConfiguration;
			buildSettings = {
				BUNDLE_LOADER = "$(TEST_HOST)";
				FRAMEWORK_SEARCH_PATHS = (
					"$(SDKROOT)/Developer/Library/Frameworks",
					"$(inherited)",
				);
				GCC_PREPROCESSOR_DEFINITIONS = (
					"DEBUG=1",
					"$(inherited)",
				);
				INFOPLIST_FILE = GHFINCASTests/Info.plist;
				LD_RUNPATH_SEARCH_PATHS = "$(inherited) @executable_path/Frameworks @loader_path/Frameworks";
				PRODUCT_NAME = "$(TARGET_NAME)";
				TEST_HOST = "$(BUILT_PRODUCTS_DIR)/GHFINCAS.app/GHFINCAS";
			};
			name = Debug;
		};
		C8862CEE1C5623B000FB905E /* Release */ = {
			isa = XCBuildConfiguration;
			buildSettings = {
				BUNDLE_LOADER = "$(TEST_HOST)";
				FRAMEWORK_SEARCH_PATHS = (
					"$(SDKROOT)/Developer/Library/Frameworks",
					"$(inherited)",
				);
				INFOPLIST_FILE = GHFINCASTests/Info.plist;
				LD_RUNPATH_SEARCH_PATHS = "$(inherited) @executable_path/Frameworks @loader_path/Frameworks";
				PRODUCT_NAME = "$(TARGET_NAME)";
				TEST_HOST = "$(BUILT_PRODUCTS_DIR)/GHFINCAS.app/GHFINCAS";
			};
			name = Release;
		};
/* End XCBuildConfiguration section */

/* Begin XCConfigurationList section */
		C8862CBE1C5623B000FB905E /* Build configuration list for PBXProject "GHFINCAS" */ = {
			isa = XCConfigurationList;
			buildConfigurations = (
				C8862CE71C5623B000FB905E /* Debug */,
				C8862CE81C5623B000FB905E /* Release */,
			);
			defaultConfigurationIsVisible = 0;
			defaultConfigurationName = Release;
		};
		C8862CE91C5623B000FB905E /* Build configuration list for PBXNativeTarget "GHFINCAS" */ = {
			isa = XCConfigurationList;
			buildConfigurations = (
				C8862CEA1C5623B000FB905E /* Debug */,
				C8862CEB1C5623B000FB905E /* Release */,
			);
			defaultConfigurationIsVisible = 0;
			defaultConfigurationName = Release;
		};
		C8862CEC1C5623B000FB905E /* Build configuration list for PBXNativeTarget "GHFINCASTests" */ = {
			isa = XCConfigurationList;
			buildConfigurations = (
				C8862CED1C5623B000FB905E /* Debug */,
				C8862CEE1C5623B000FB905E /* Release */,
			);
			defaultConfigurationIsVisible = 0;
			defaultConfigurationName = Release;
		};
/* End XCConfigurationList section */
	};
	rootObject = C8862CBB1C5623B000FB905E /* Project object */;
}
