// !$*UTF8*$!
{
	archiveVersion = 1;
	classes = {
	};
	objectVersion = 46;
	objects = {

/* Begin PBXBuildFile section */
		7833086E1C611E3200BC3882 /* ProveedoresTableViewController.m in Sources */ = {isa = PBXBuildFile; fileRef = 7833086D1C611E3200BC3882 /* ProveedoresTableViewController.m */; };
		788B65CF1C57EF2900081ABB /* alertBkg.png in Resources */ = {isa = PBXBuildFile; fileRef = 788B65CD1C57EF2900081ABB /* alertBkg.png */; };
		788B65D01C57EF2900081ABB /* alertBkg@2x.png in Resources */ = {isa = PBXBuildFile; fileRef = 788B65CE1C57EF2900081ABB /* alertBkg@2x.png */; };
		788B65D31C57EF5100081ABB /* ILAlertView.m in Sources */ = {isa = PBXBuildFile; fileRef = 788B65D21C57EF5100081ABB /* ILAlertView.m */; };
		788B65D61C57F82F00081ABB /* fondo2.jpg in Resources */ = {isa = PBXBuildFile; fileRef = 788B65D51C57F82F00081ABB /* fondo2.jpg */; };
		788B65D91C57FB4700081ABB /* LoginViewController.m in Sources */ = {isa = PBXBuildFile; fileRef = 788B65D81C57FB4700081ABB /* LoginViewController.m */; };
		78BC73BF1C582261001E2AFB /* UCZProgressView.m in Sources */ = {isa = PBXBuildFile; fileRef = 78BC73BE1C582261001E2AFB /* UCZProgressView.m */; };
		C80A0EBD1C576EF8003E2013 /* fondoghfincasactivity1.png in Resources */ = {isa = PBXBuildFile; fileRef = C80A0EB71C576EF8003E2013 /* fondoghfincasactivity1.png */; };
		C80A0EBE1C576EF8003E2013 /* jrdvsoftlogo.png in Resources */ = {isa = PBXBuildFile; fileRef = C80A0EB81C576EF8003E2013 /* jrdvsoftlogo.png */; };
		C80A0EBF1C576EF8003E2013 /* logo7.jpg in Resources */ = {isa = PBXBuildFile; fileRef = C80A0EB91C576EF8003E2013 /* logo7.jpg */; };
		C80A0EC01C576EF8003E2013 /* logo7redondo.png in Resources */ = {isa = PBXBuildFile; fileRef = C80A0EBA1C576EF8003E2013 /* logo7redondo.png */; };
		C80A0EC11C576EF8003E2013 /* logo7redondo 2.png in Resources */ = {isa = PBXBuildFile; fileRef = C80A0EBB1C576EF8003E2013 /* logo7redondo 2.png */; };
		C80A0EC21C576EF8003E2013 /* web.png in Resources */ = {isa = PBXBuildFile; fileRef = C80A0EBC1C576EF8003E2013 /* web.png */; };
		C824AFDE1C5F9DE60099479F /* UITextView+Placeholder.m in Sources */ = {isa = PBXBuildFile; fileRef = C824AFDD1C5F9DE60099479F /* UITextView+Placeholder.m */; };
		C824AFE41C5FC1320099479F /* KVNProgress.m in Sources */ = {isa = PBXBuildFile; fileRef = C824AFE11C5FC1320099479F /* KVNProgress.m */; };
		C824AFE51C5FC1320099479F /* KVNProgressConfiguration.m in Sources */ = {isa = PBXBuildFile; fileRef = C824AFE31C5FC1320099479F /* KVNProgressConfiguration.m */; };
		C824AFEC1C5FC14B0099479F /* UIColor+KVNContrast.m in Sources */ = {isa = PBXBuildFile; fileRef = C824AFE71C5FC14B0099479F /* UIColor+KVNContrast.m */; };
		C824AFED1C5FC14B0099479F /* UIImage+KVNEmpty.m in Sources */ = {isa = PBXBuildFile; fileRef = C824AFE91C5FC14B0099479F /* UIImage+KVNEmpty.m */; };
		C824AFEE1C5FC14B0099479F /* UIImage+KVNImageEffects.m in Sources */ = {isa = PBXBuildFile; fileRef = C824AFEB1C5FC14B0099479F /* UIImage+KVNImageEffects.m */; };
		C824AFF41C5FC9D60099479F /* KVNProgressView.xib in Resources */ = {isa = PBXBuildFile; fileRef = C824AFF31C5FC9D60099479F /* KVNProgressView.xib */; };
		C824AFF51C5FCF560099479F /* QuartzCore.framework in Frameworks */ = {isa = PBXBuildFile; fileRef = C824AFEF1C5FC77C0099479F /* QuartzCore.framework */; };
		C82895941C5D170D00A9754F /* Base64Transcoder.m in Sources */ = {isa = PBXBuildFile; fileRef = C828958B1C5D170C00A9754F /* Base64Transcoder.m */; settings = {COMPILER_FLAGS = "-fno-objc-arc"; }; };
		C82895951C5D170D00A9754F /* HSK_CFUtilities.m in Sources */ = {isa = PBXBuildFile; fileRef = C828958D1C5D170C00A9754F /* HSK_CFUtilities.m */; settings = {COMPILER_FLAGS = "-fno-objc-arc"; }; };
		C82895961C5D170D00A9754F /* NSData+Base64Additions.m in Sources */ = {isa = PBXBuildFile; fileRef = C828958F1C5D170C00A9754F /* NSData+Base64Additions.m */; settings = {COMPILER_FLAGS = "-fno-objc-arc"; }; };
		C82895971C5D170D00A9754F /* NSStream+SKPSMTPExtensions.m in Sources */ = {isa = PBXBuildFile; fileRef = C82895911C5D170D00A9754F /* NSStream+SKPSMTPExtensions.m */; settings = {COMPILER_FLAGS = "-fno-objc-arc"; }; };
		C82895981C5D170D00A9754F /* SKPSMTPMessage.m in Sources */ = {isa = PBXBuildFile; fileRef = C82895931C5D170D00A9754F /* SKPSMTPMessage.m */; settings = {COMPILER_FLAGS = "-fno-objc-arc"; }; };
		C828959B1C5D1C4300A9754F /* ComunidadViewController.m in Sources */ = {isa = PBXBuildFile; fileRef = C828959A1C5D1C4300A9754F /* ComunidadViewController.m */; };
		C828959E1C5D1F3F00A9754F /* IncidenciaViewController.m in Sources */ = {isa = PBXBuildFile; fileRef = C828959D1C5D1F3F00A9754F /* IncidenciaViewController.m */; };
		C82895A11C5D240900A9754F /* INCIDENCIAPOREMAILViewController.m in Sources */ = {isa = PBXBuildFile; fileRef = C82895A01C5D240900A9754F /* INCIDENCIAPOREMAILViewController.m */; };
		C8862CC91C5623B000FB905E /* main.m in Sources */ = {isa = PBXBuildFile; fileRef = C8862CC81C5623B000FB905E /* main.m */; };
		C8862CCC1C5623B000FB905E /* AppDelegate.m in Sources */ = {isa = PBXBuildFile; fileRef = C8862CCB1C5623B000FB905E /* AppDelegate.m */; };
		C8862CCF1C5623B000FB905E /* FirstViewController.m in Sources */ = {isa = PBXBuildFile; fileRef = C8862CCE1C5623B000FB905E /* FirstViewController.m */; };
		C8862CD51C5623B000FB905E /* Main.storyboard in Resources */ = {isa = PBXBuildFile; fileRef = C8862CD31C5623B000FB905E /* Main.storyboard */; };
		C8862CD71C5623B000FB905E /* Images.xcassets in Resources */ = {isa = PBXBuildFile; fileRef = C8862CD61C5623B000FB905E /* Images.xcassets */; };
		C8862CDA1C5623B000FB905E /* LaunchScreen.xib in Resources */ = {isa = PBXBuildFile; fileRef = C8862CD81C5623B000FB905E /* LaunchScreen.xib */; };
		C8862CE61C5623B000FB905E /* GHFINCASTests.m in Sources */ = {isa = PBXBuildFile; fileRef = C8862CE51C5623B000FB905E /* GHFINCASTests.m */; };
		C8862CF91C57693D00FB905E /* FLAT INCIDENCIAS 2.png in Resources */ = {isa = PBXBuildFile; fileRef = C8862CF01C57693D00FB905E /* FLAT INCIDENCIAS 2.png */; };
		C8862CFA1C57693D00FB905E /* flat_24h.png in Resources */ = {isa = PBXBuildFile; fileRef = C8862CF11C57693D00FB905E /* flat_24h.png */; };
		C8862CFB1C57693D00FB905E /* flat_comunicados.png in Resources */ = {isa = PBXBuildFile; fileRef = C8862CF21C57693D00FB905E /* flat_comunicados.png */; };
		C8862CFC1C57693D00FB905E /* flat_comunidad.png in Resources */ = {isa = PBXBuildFile; fileRef = C8862CF31C57693D00FB905E /* flat_comunidad.png */; };
		C8862CFD1C57693D00FB905E /* flat_empresa.png in Resources */ = {isa = PBXBuildFile; fileRef = C8862CF41C57693D00FB905E /* flat_empresa.png */; };
		C8862CFE1C57693D00FB905E /* flat_empresa2.png in Resources */ = {isa = PBXBuildFile; fileRef = C8862CF51C57693D00FB905E /* flat_empresa2.png */; };
		C8862CFF1C57693D00FB905E /* flat_incidencias1.png in Resources */ = {isa = PBXBuildFile; fileRef = C8862CF61C57693D00FB905E /* flat_incidencias1.png */; };
		C8862D001C57693D00FB905E /* flat_mail.png in Resources */ = {isa = PBXBuildFile; fileRef = C8862CF71C57693D00FB905E /* flat_mail.png */; };
		C8862D011C57693D00FB905E /* flat_proveedores1.png in Resources */ = {isa = PBXBuildFile; fileRef = C8862CF81C57693D00FB905E /* flat_proveedores1.png */; };
		C88989431C5B7D2D0080052E /* SignupViewController.m in Sources */ = {isa = PBXBuildFile; fileRef = C88989421C5B7D2D0080052E /* SignupViewController.m */; };
		C8D6D5EA1C5FD8AB002DF570 /* CLScrollview.m in Sources */ = {isa = PBXBuildFile; fileRef = C8D6D5E71C5FD8AB002DF570 /* CLScrollview.m */; };
		C8D6D5EB1C5FD8AB002DF570 /* CLTickerView.m in Sources */ = {isa = PBXBuildFile; fileRef = C8D6D5E91C5FD8AB002DF570 /* CLTickerView.m */; settings = {COMPILER_FLAGS = "-fno-objc-arc"; }; };
		C8DEEB521C5BE5E200C8E6CC /* CFNetwork.framework in Frameworks */ = {isa = PBXBuildFile; fileRef = C8DEEB511C5BE5E200C8E6CC /* CFNetwork.framework */; };
		C8DEEB641C5CDB3900C8E6CC /* MessageUI.framework in Frameworks */ = {isa = PBXBuildFile; fileRef = C8DEEB631C5CDB3900C8E6CC /* MessageUI.framework */; };
/* End PBXBuildFile section */

/* Begin PBXContainerItemProxy section */
		C8862CE01C5623B000FB905E /* PBXContainerItemProxy */ = {
			isa = PBXContainerItemProxy;
			containerPortal = C8862CBB1C5623B000FB905E /* Project object */;
			proxyType = 1;
			remoteGlobalIDString = C8862CC21C5623B000FB905E;
			remoteInfo = GHFINCAS;
		};
/* End PBXContainerItemProxy section */

/* Begin PBXFileReference section */
		7833086C1C611E3200BC3882 /* ProveedoresTableViewController.h */ = {isa = PBXFileReference; fileEncoding = 4; lastKnownFileType = sourcecode.c.h; path = ProveedoresTableViewController.h; sourceTree = "<group>"; };
		7833086D1C611E3200BC3882 /* ProveedoresTableViewController.m */ = {isa = PBXFileReference; fileEncoding = 4; lastKnownFileType = sourcecode.c.objc; path = ProveedoresTableViewController.m; sourceTree = "<group>"; };
		788B65CD1C57EF2900081ABB /* alertBkg.png */ = {isa = PBXFileReference; lastKnownFileType = image.png; path = alertBkg.png; sourceTree = "<group>"; };
		788B65CE1C57EF2900081ABB /* alertBkg@2x.png */ = {isa = PBXFileReference; lastKnownFileType = image.png; path = "alertBkg@2x.png"; sourceTree = "<group>"; };
		788B65D11C57EF5100081ABB /* ILAlertView.h */ = {isa = PBXFileReference; fileEncoding = 4; lastKnownFileType = sourcecode.c.h; path = ILAlertView.h; sourceTree = "<group>"; };
		788B65D21C57EF5100081ABB /* ILAlertView.m */ = {isa = PBXFileReference; fileEncoding = 4; lastKnownFileType = sourcecode.c.objc; path = ILAlertView.m; sourceTree = "<group>"; };
		788B65D51C57F82F00081ABB /* fondo2.jpg */ = {isa = PBXFileReference; lastKnownFileType = image.jpeg; path = fondo2.jpg; sourceTree = "<group>"; };
		788B65D71C57FB4700081ABB /* LoginViewController.h */ = {isa = PBXFileReference; fileEncoding = 4; lastKnownFileType = sourcecode.c.h; path = LoginViewController.h; sourceTree = "<group>"; };
		788B65D81C57FB4700081ABB /* LoginViewController.m */ = {isa = PBXFileReference; fileEncoding = 4; lastKnownFileType = sourcecode.c.objc; path = LoginViewController.m; sourceTree = "<group>"; };
		78BC73BD1C582261001E2AFB /* UCZProgressView.h */ = {isa = PBXFileReference; fileEncoding = 4; lastKnownFileType = sourcecode.c.h; path = UCZProgressView.h; sourceTree = "<group>"; };
		78BC73BE1C582261001E2AFB /* UCZProgressView.m */ = {isa = PBXFileReference; fileEncoding = 4; lastKnownFileType = sourcecode.c.objc; path = UCZProgressView.m; sourceTree = "<group>"; };
		C80A0EB71C576EF8003E2013 /* fondoghfincasactivity1.png */ = {isa = PBXFileReference; lastKnownFileType = image.png; path = fondoghfincasactivity1.png; sourceTree = "<group>"; };
		C80A0EB81C576EF8003E2013 /* jrdvsoftlogo.png */ = {isa = PBXFileReference; lastKnownFileType = image.png; path = jrdvsoftlogo.png; sourceTree = "<group>"; };
		C80A0EB91C576EF8003E2013 /* logo7.jpg */ = {isa = PBXFileReference; lastKnownFileType = image.jpeg; path = logo7.jpg; sourceTree = "<group>"; };
		C80A0EBA1C576EF8003E2013 /* logo7redondo.png */ = {isa = PBXFileReference; lastKnownFileType = image.png; path = logo7redondo.png; sourceTree = "<group>"; };
		C80A0EBB1C576EF8003E2013 /* logo7redondo 2.png */ = {isa = PBXFileReference; lastKnownFileType = image.png; path = "logo7redondo 2.png"; sourceTree = "<group>"; };
		C80A0EBC1C576EF8003E2013 /* web.png */ = {isa = PBXFileReference; lastKnownFileType = image.png; path = web.png; sourceTree = "<group>"; };
		C824AFDC1C5F9DE60099479F /* UITextView+Placeholder.h */ = {isa = PBXFileReference; fileEncoding = 4; lastKnownFileType = sourcecode.c.h; path = "UITextView+Placeholder.h"; sourceTree = "<group>"; };
		C824AFDD1C5F9DE60099479F /* UITextView+Placeholder.m */ = {isa = PBXFileReference; fileEncoding = 4; lastKnownFileType = sourcecode.c.objc; path = "UITextView+Placeholder.m"; sourceTree = "<group>"; };
		C824AFE01C5FC1320099479F /* KVNProgress.h */ = {isa = PBXFileReference; fileEncoding = 4; lastKnownFileType = sourcecode.c.h; path = KVNProgress.h; sourceTree = "<group>"; };
		C824AFE11C5FC1320099479F /* KVNProgress.m */ = {isa = PBXFileReference; fileEncoding = 4; lastKnownFileType = sourcecode.c.objc; path = KVNProgress.m; sourceTree = "<group>"; };
		C824AFE21C5FC1320099479F /* KVNProgressConfiguration.h */ = {isa = PBXFileReference; fileEncoding = 4; lastKnownFileType = sourcecode.c.h; path = KVNProgressConfiguration.h; sourceTree = "<group>"; };
		C824AFE31C5FC1320099479F /* KVNProgressConfiguration.m */ = {isa = PBXFileReference; fileEncoding = 4; lastKnownFileType = sourcecode.c.objc; path = KVNProgressConfiguration.m; sourceTree = "<group>"; };
		C824AFE61C5FC14B0099479F /* UIColor+KVNContrast.h */ = {isa = PBXFileReference; fileEncoding = 4; lastKnownFileType = sourcecode.c.h; path = "UIColor+KVNContrast.h"; sourceTree = "<group>"; };
		C824AFE71C5FC14B0099479F /* UIColor+KVNContrast.m */ = {isa = PBXFileReference; fileEncoding = 4; lastKnownFileType = sourcecode.c.objc; path = "UIColor+KVNContrast.m"; sourceTree = "<group>"; };
		C824AFE81C5FC14B0099479F /* UIImage+KVNEmpty.h */ = {isa = PBXFileReference; fileEncoding = 4; lastKnownFileType = sourcecode.c.h; path = "UIImage+KVNEmpty.h"; sourceTree = "<group>"; };
		C824AFE91C5FC14B0099479F /* UIImage+KVNEmpty.m */ = {isa = PBXFileReference; fileEncoding = 4; lastKnownFileType = sourcecode.c.objc; path = "UIImage+KVNEmpty.m"; sourceTree = "<group>"; };
		C824AFEA1C5FC14B0099479F /* UIImage+KVNImageEffects.h */ = {isa = PBXFileReference; fileEncoding = 4; lastKnownFileType = sourcecode.c.h; path = "UIImage+KVNImageEffects.h"; sourceTree = "<group>"; };
		C824AFEB1C5FC14B0099479F /* UIImage+KVNImageEffects.m */ = {isa = PBXFileReference; fileEncoding = 4; lastKnownFileType = sourcecode.c.objc; path = "UIImage+KVNImageEffects.m"; sourceTree = "<group>"; };
		C824AFEF1C5FC77C0099479F /* QuartzCore.framework */ = {isa = PBXFileReference; lastKnownFileType = wrapper.framework; name = QuartzCore.framework; path = System/Library/Frameworks/QuartzCore.framework; sourceTree = SDKROOT; };
		C824AFF11C5FC7880099479F /* GLKit.framework */ = {isa = PBXFileReference; lastKnownFileType = wrapper.framework; name = GLKit.framework; path = System/Library/Frameworks/GLKit.framework; sourceTree = SDKROOT; };
		C824AFF31C5FC9D60099479F /* KVNProgressView.xib */ = {isa = PBXFileReference; fileEncoding = 4; lastKnownFileType = file.xib; path = KVNProgressView.xib; sourceTree = "<group>"; };
		C828958A1C5D170C00A9754F /* Base64Transcoder.h */ = {isa = PBXFileReference; fileEncoding = 4; lastKnownFileType = sourcecode.c.h; path = Base64Transcoder.h; sourceTree = "<group>"; };
		C828958B1C5D170C00A9754F /* Base64Transcoder.m */ = {isa = PBXFileReference; fileEncoding = 4; lastKnownFileType = sourcecode.c.objc; path = Base64Transcoder.m; sourceTree = "<group>"; };
		C828958C1C5D170C00A9754F /* HSK_CFUtilities.h */ = {isa = PBXFileReference; fileEncoding = 4; lastKnownFileType = sourcecode.c.h; path = HSK_CFUtilities.h; sourceTree = "<group>"; };
		C828958D1C5D170C00A9754F /* HSK_CFUtilities.m */ = {isa = PBXFileReference; fileEncoding = 4; lastKnownFileType = sourcecode.c.objc; path = HSK_CFUtilities.m; sourceTree = "<group>"; };
		C828958E1C5D170C00A9754F /* NSData+Base64Additions.h */ = {isa = PBXFileReference; fileEncoding = 4; lastKnownFileType = sourcecode.c.h; path = "NSData+Base64Additions.h"; sourceTree = "<group>"; };
		C828958F1C5D170C00A9754F /* NSData+Base64Additions.m */ = {isa = PBXFileReference; fileEncoding = 4; lastKnownFileType = sourcecode.c.objc; path = "NSData+Base64Additions.m"; sourceTree = "<group>"; };
		C82895901C5D170D00A9754F /* NSStream+SKPSMTPExtensions.h */ = {isa = PBXFileReference; fileEncoding = 4; lastKnownFileType = sourcecode.c.h; path = "NSStream+SKPSMTPExtensions.h"; sourceTree = "<group>"; };
		C82895911C5D170D00A9754F /* NSStream+SKPSMTPExtensions.m */ = {isa = PBXFileReference; fileEncoding = 4; lastKnownFileType = sourcecode.c.objc; path = "NSStream+SKPSMTPExtensions.m"; sourceTree = "<group>"; };
		C82895921C5D170D00A9754F /* SKPSMTPMessage.h */ = {isa = PBXFileReference; fileEncoding = 4; lastKnownFileType = sourcecode.c.h; path = SKPSMTPMessage.h; sourceTree = "<group>"; };
		C82895931C5D170D00A9754F /* SKPSMTPMessage.m */ = {isa = PBXFileReference; fileEncoding = 4; lastKnownFileType = sourcecode.c.objc; path = SKPSMTPMessage.m; sourceTree = "<group>"; };
		C82895991C5D1C4300A9754F /* ComunidadViewController.h */ = {isa = PBXFileReference; fileEncoding = 4; lastKnownFileType = sourcecode.c.h; path = ComunidadViewController.h; sourceTree = "<group>"; };
		C828959A1C5D1C4300A9754F /* ComunidadViewController.m */ = {isa = PBXFileReference; fileEncoding = 4; lastKnownFileType = sourcecode.c.objc; path = ComunidadViewController.m; sourceTree = "<group>"; };
		C828959C1C5D1F3F00A9754F /* IncidenciaViewController.h */ = {isa = PBXFileReference; fileEncoding = 4; lastKnownFileType = sourcecode.c.h; path = IncidenciaViewController.h; sourceTree = "<group>"; };
		C828959D1C5D1F3F00A9754F /* IncidenciaViewController.m */ = {isa = PBXFileReference; fileEncoding = 4; lastKnownFileType = sourcecode.c.objc; path = IncidenciaViewController.m; sourceTree = "<group>"; };
		C828959F1C5D240900A9754F /* INCIDENCIAPOREMAILViewController.h */ = {isa = PBXFileReference; fileEncoding = 4; lastKnownFileType = sourcecode.c.h; path = INCIDENCIAPOREMAILViewController.h; sourceTree = "<group>"; };
		C82895A01C5D240900A9754F /* INCIDENCIAPOREMAILViewController.m */ = {isa = PBXFileReference; fileEncoding = 4; lastKnownFileType = sourcecode.c.objc; path = INCIDENCIAPOREMAILViewController.m; sourceTree = "<group>"; };
		C8862CC31C5623B000FB905E /* GHFINCAS.app */ = {isa = PBXFileReference; explicitFileType = wrapper.application; includeInIndex = 0; path = GHFINCAS.app; sourceTree = BUILT_PRODUCTS_DIR; };
		C8862CC71C5623B000FB905E /* Info.plist */ = {isa = PBXFileReference; lastKnownFileType = text.plist.xml; path = Info.plist; sourceTree = "<group>"; };
		C8862CC81C5623B000FB905E /* main.m */ = {isa = PBXFileReference; lastKnownFileType = sourcecode.c.objc; path = main.m; sourceTree = "<group>"; };
		C8862CCA1C5623B000FB905E /* AppDelegate.h */ = {isa = PBXFileReference; lastKnownFileType = sourcecode.c.h; path = AppDelegate.h; sourceTree = "<group>"; };
		C8862CCB1C5623B000FB905E /* AppDelegate.m */ = {isa = PBXFileReference; lastKnownFileType = sourcecode.c.objc; path = AppDelegate.m; sourceTree = "<group>"; };
		C8862CCD1C5623B000FB905E /* FirstViewController.h */ = {isa = PBXFileReference; lastKnownFileType = sourcecode.c.h; path = FirstViewController.h; sourceTree = "<group>"; };
		C8862CCE1C5623B000FB905E /* FirstViewController.m */ = {isa = PBXFileReference; lastKnownFileType = sourcecode.c.objc; path = FirstViewController.m; sourceTree = "<group>"; };
		C8862CD41C5623B000FB905E /* Base */ = {isa = PBXFileReference; lastKnownFileType = file.storyboard; name = Base; path = Base.lproj/Main.storyboard; sourceTree = "<group>"; };
		C8862CD61C5623B000FB905E /* Images.xcassets */ = {isa = PBXFileReference; lastKnownFileType = folder.assetcatalog; path = Images.xcassets; sourceTree = "<group>"; };
		C8862CD91C5623B000FB905E /* Base */ = {isa = PBXFileReference; lastKnownFileType = file.xib; name = Base; path = Base.lproj/LaunchScreen.xib; sourceTree = "<group>"; };
		C8862CDF1C5623B000FB905E /* GHFINCASTests.xctest */ = {isa = PBXFileReference; explicitFileType = wrapper.cfbundle; includeInIndex = 0; path = GHFINCASTests.xctest; sourceTree = BUILT_PRODUCTS_DIR; };
		C8862CE41C5623B000FB905E /* Info.plist */ = {isa = PBXFileReference; lastKnownFileType = text.plist.xml; path = Info.plist; sourceTree = "<group>"; };
		C8862CE51C5623B000FB905E /* GHFINCASTests.m */ = {isa = PBXFileReference; lastKnownFileType = sourcecode.c.objc; path = GHFINCASTests.m; sourceTree = "<group>"; };
		C8862CF01C57693D00FB905E /* FLAT INCIDENCIAS 2.png */ = {isa = PBXFileReference; lastKnownFileType = image.png; path = "FLAT INCIDENCIAS 2.png"; sourceTree = "<group>"; };
		C8862CF11C57693D00FB905E /* flat_24h.png */ = {isa = PBXFileReference; lastKnownFileType = image.png; path = flat_24h.png; sourceTree = "<group>"; };
		C8862CF21C57693D00FB905E /* flat_comunicados.png */ = {isa = PBXFileReference; lastKnownFileType = image.png; path = flat_comunicados.png; sourceTree = "<group>"; };
		C8862CF31C57693D00FB905E /* flat_comunidad.png */ = {isa = PBXFileReference; lastKnownFileType = image.png; path = flat_comunidad.png; sourceTree = "<group>"; };
		C8862CF41C57693D00FB905E /* flat_empresa.png */ = {isa = PBXFileReference; lastKnownFileType = image.png; path = flat_empresa.png; sourceTree = "<group>"; };
		C8862CF51C57693D00FB905E /* flat_empresa2.png */ = {isa = PBXFileReference; lastKnownFileType = image.png; path = flat_empresa2.png; sourceTree = "<group>"; };
		C8862CF61C57693D00FB905E /* flat_incidencias1.png */ = {isa = PBXFileReference; lastKnownFileType = image.png; path = flat_incidencias1.png; sourceTree = "<group>"; };
		C8862CF71C57693D00FB905E /* flat_mail.png */ = {isa = PBXFileReference; lastKnownFileType = image.png; path = flat_mail.png; sourceTree = "<group>"; };
		C8862CF81C57693D00FB905E /* flat_proveedores1.png */ = {isa = PBXFileReference; lastKnownFileType = image.png; path = flat_proveedores1.png; sourceTree = "<group>"; };
		C88989411C5B7D2D0080052E /* SignupViewController.h */ = {isa = PBXFileReference; fileEncoding = 4; lastKnownFileType = sourcecode.c.h; path = SignupViewController.h; sourceTree = "<group>"; };
		C88989421C5B7D2D0080052E /* SignupViewController.m */ = {isa = PBXFileReference; fileEncoding = 4; lastKnownFileType = sourcecode.c.objc; path = SignupViewController.m; sourceTree = "<group>"; };
		C8D6D5E61C5FD8AB002DF570 /* CLScrollview.h */ = {isa = PBXFileReference; fileEncoding = 4; lastKnownFileType = sourcecode.c.h; path = CLScrollview.h; sourceTree = "<group>"; };
		C8D6D5E71C5FD8AB002DF570 /* CLScrollview.m */ = {isa = PBXFileReference; fileEncoding = 4; lastKnownFileType = sourcecode.c.objc; path = CLScrollview.m; sourceTree = "<group>"; };
		C8D6D5E81C5FD8AB002DF570 /* CLTickerView.h */ = {isa = PBXFileReference; fileEncoding = 4; lastKnownFileType = sourcecode.c.h; path = CLTickerView.h; sourceTree = "<group>"; };
		C8D6D5E91C5FD8AB002DF570 /* CLTickerView.m */ = {isa = PBXFileReference; fileEncoding = 4; lastKnownFileType = sourcecode.c.objc; path = CLTickerView.m; sourceTree = "<group>"; };
		C8DEEB511C5BE5E200C8E6CC /* CFNetwork.framework */ = {isa = PBXFileReference; lastKnownFileType = wrapper.framework; name = CFNetwork.framework; path = System/Library/Frameworks/CFNetwork.framework; sourceTree = SDKROOT; };
		C8DEEB631C5CDB3900C8E6CC /* MessageUI.framework */ = {isa = PBXFileReference; lastKnownFileType = wrapper.framework; name = MessageUI.framework; path = System/Library/Frameworks/MessageUI.framework; sourceTree = SDKROOT; };
/* End PBXFileReference section */

/* Begin PBXFrameworksBuildPhase section */
		C8862CC01C5623B000FB905E /* Frameworks */ = {
			isa = PBXFrameworksBuildPhase;
			buildActionMask = 2147483647;
			files = (
				C824AFF51C5FCF560099479F /* QuartzCore.framework in Frameworks */,
				C8DEEB641C5CDB3900C8E6CC /* MessageUI.framework in Frameworks */,
				C8DEEB521C5BE5E200C8E6CC /* CFNetwork.framework in Frameworks */,
			);
			runOnlyForDeploymentPostprocessing = 0;
		};
		C8862CDC1C5623B000FB905E /* Frameworks */ = {
			isa = PBXFrameworksBuildPhase;
			buildActionMask = 2147483647;
			files = (
			);
			runOnlyForDeploymentPostprocessing = 0;
		};
/* End PBXFrameworksBuildPhase section */

/* Begin PBXGroup section */
		788B65CA1C57EE8300081ABB /* SPECIAL VIEWS */ = {
			isa = PBXGroup;
			children = (
				C8D6D5E51C5FD890002DF570 /* CLTICKERVIEW */,
				C824AFDF1C5FC0F40099479F /* KVNProgress */,
				C824AFDB1C5F9D970099479F /* TextView+PlaceHolder */,
				78BC73BC1C582243001E2AFB /* PreogressView */,
				788B65CB1C57EE9500081ABB /* ALERTVIEW */,
			);
			name = "SPECIAL VIEWS";
			sourceTree = "<group>";
		};
		788B65CB1C57EE9500081ABB /* ALERTVIEW */ = {
			isa = PBXGroup;
			children = (
				788B65D11C57EF5100081ABB /* ILAlertView.h */,
				788B65D21C57EF5100081ABB /* ILAlertView.m */,
				788B65CC1C57EEE400081ABB /* imagenes fondo */,
			);
			name = ALERTVIEW;
			sourceTree = "<group>";
		};
		788B65CC1C57EEE400081ABB /* imagenes fondo */ = {
			isa = PBXGroup;
			children = (
				788B65CD1C57EF2900081ABB /* alertBkg.png */,
				788B65CE1C57EF2900081ABB /* alertBkg@2x.png */,
			);
			name = "imagenes fondo";
			sourceTree = "<group>";
		};
		788B65D41C57F81200081ABB /* FONDO */ = {
			isa = PBXGroup;
			children = (
				788B65D51C57F82F00081ABB /* fondo2.jpg */,
			);
			name = FONDO;
			sourceTree = "<group>";
		};
		78BC73BC1C582243001E2AFB /* PreogressView */ = {
			isa = PBXGroup;
			children = (
				78BC73BD1C582261001E2AFB /* UCZProgressView.h */,
				78BC73BE1C582261001E2AFB /* UCZProgressView.m */,
			);
			name = PreogressView;
			sourceTree = "<group>";
		};
		C824AFDB1C5F9D970099479F /* TextView+PlaceHolder */ = {
			isa = PBXGroup;
			children = (
				C824AFDC1C5F9DE60099479F /* UITextView+Placeholder.h */,
				C824AFDD1C5F9DE60099479F /* UITextView+Placeholder.m */,
			);
			name = "TextView+PlaceHolder";
			sourceTree = "<group>";
		};
		C824AFDF1C5FC0F40099479F /* KVNProgress */ = {
			isa = PBXGroup;
			children = (
				C824AFF31C5FC9D60099479F /* KVNProgressView.xib */,
				C824AFE61C5FC14B0099479F /* UIColor+KVNContrast.h */,
				C824AFE71C5FC14B0099479F /* UIColor+KVNContrast.m */,
				C824AFE81C5FC14B0099479F /* UIImage+KVNEmpty.h */,
				C824AFE91C5FC14B0099479F /* UIImage+KVNEmpty.m */,
				C824AFEA1C5FC14B0099479F /* UIImage+KVNImageEffects.h */,
				C824AFEB1C5FC14B0099479F /* UIImage+KVNImageEffects.m */,
				C824AFE01C5FC1320099479F /* KVNProgress.h */,
				C824AFE11C5FC1320099479F /* KVNProgress.m */,
				C824AFE21C5FC1320099479F /* KVNProgressConfiguration.h */,
				C824AFE31C5FC1320099479F /* KVNProgressConfiguration.m */,
			);
			name = KVNProgress;
			sourceTree = "<group>";
		};
		C8862CBA1C5623B000FB905E = {
			isa = PBXGroup;
			children = (
				C824AFF11C5FC7880099479F /* GLKit.framework */,
				C824AFEF1C5FC77C0099479F /* QuartzCore.framework */,
				C8DEEB631C5CDB3900C8E6CC /* MessageUI.framework */,
				C8DEEB511C5BE5E200C8E6CC /* CFNetwork.framework */,
				C8862CC51C5623B000FB905E /* GHFINCAS */,
				C8862CE21C5623B000FB905E /* GHFINCASTests */,
				C8862CC41C5623B000FB905E /* Products */,
			);
			sourceTree = "<group>";
		};
		C8862CC41C5623B000FB905E /* Products */ = {
			isa = PBXGroup;
			children = (
				C8862CC31C5623B000FB905E /* GHFINCAS.app */,
				C8862CDF1C5623B000FB905E /* GHFINCASTests.xctest */,
			);
			name = Products;
			sourceTree = "<group>";
		};
		C8862CC51C5623B000FB905E /* GHFINCAS */ = {
			isa = PBXGroup;
			children = (
				C8DEEB531C5BE61E00C8E6CC /* SMTPLIBRARY */,
				788B65CA1C57EE8300081ABB /* SPECIAL VIEWS */,
				C8862CCA1C5623B000FB905E /* AppDelegate.h */,
				C8862CCB1C5623B000FB905E /* AppDelegate.m */,
				C8862CCD1C5623B000FB905E /* FirstViewController.h */,
				C8862CCE1C5623B000FB905E /* FirstViewController.m */,
				7833086C1C611E3200BC3882 /* ProveedoresTableViewController.h */,
				7833086D1C611E3200BC3882 /* ProveedoresTableViewController.m */,
				788B65D71C57FB4700081ABB /* LoginViewController.h */,
				788B65D81C57FB4700081ABB /* LoginViewController.m */,
				C82895991C5D1C4300A9754F /* ComunidadViewController.h */,
				C828959A1C5D1C4300A9754F /* ComunidadViewController.m */,
				C88989411C5B7D2D0080052E /* SignupViewController.h */,
				C88989421C5B7D2D0080052E /* SignupViewController.m */,
				C828959C1C5D1F3F00A9754F /* IncidenciaViewController.h */,
				C828959D1C5D1F3F00A9754F /* IncidenciaViewController.m */,
				C828959F1C5D240900A9754F /* INCIDENCIAPOREMAILViewController.h */,
				C82895A01C5D240900A9754F /* INCIDENCIAPOREMAILViewController.m */,
				C8862CD31C5623B000FB905E /* Main.storyboard */,
				C8862CD61C5623B000FB905E /* Images.xcassets */,
				C8862CD81C5623B000FB905E /* LaunchScreen.xib */,
				C8862CC61C5623B000FB905E /* Supporting Files */,
			);
			path = GHFINCAS;
			sourceTree = "<group>";
		};
		C8862CC61C5623B000FB905E /* Supporting Files */ = {
			isa = PBXGroup;
			children = (
				788B65D41C57F81200081ABB /* FONDO */,
				C8862CEF1C5768CC00FB905E /* iconos */,
				C8862CC71C5623B000FB905E /* Info.plist */,
				C8862CC81C5623B000FB905E /* main.m */,
			);
			name = "Supporting Files";
			sourceTree = "<group>";
		};
		C8862CE21C5623B000FB905E /* GHFINCASTests */ = {
			isa = PBXGroup;
			children = (
				C8862CE51C5623B000FB905E /* GHFINCASTests.m */,
				C8862CE31C5623B000FB905E /* Supporting Files */,
			);
			path = GHFINCASTests;
			sourceTree = "<group>";
		};
		C8862CE31C5623B000FB905E /* Supporting Files */ = {
			isa = PBXGroup;
			children = (
				C8862CE41C5623B000FB905E /* Info.plist */,
			);
			name = "Supporting Files";
			sourceTree = "<group>";
		};
		C8862CEF1C5768CC00FB905E /* iconos */ = {
			isa = PBXGroup;
			children = (
				C80A0EB71C576EF8003E2013 /* fondoghfincasactivity1.png */,
				C80A0EB81C576EF8003E2013 /* jrdvsoftlogo.png */,
				C80A0EB91C576EF8003E2013 /* logo7.jpg */,
				C80A0EBA1C576EF8003E2013 /* logo7redondo.png */,
				C80A0EBB1C576EF8003E2013 /* logo7redondo 2.png */,
				C80A0EBC1C576EF8003E2013 /* web.png */,
				C8862CF01C57693D00FB905E /* FLAT INCIDENCIAS 2.png */,
				C8862CF11C57693D00FB905E /* flat_24h.png */,
				C8862CF21C57693D00FB905E /* flat_comunicados.png */,
				C8862CF31C57693D00FB905E /* flat_comunidad.png */,
				C8862CF41C57693D00FB905E /* flat_empresa.png */,
				C8862CF51C57693D00FB905E /* flat_empresa2.png */,
				C8862CF61C57693D00FB905E /* flat_incidencias1.png */,
				C8862CF71C57693D00FB905E /* flat_mail.png */,
				C8862CF81C57693D00FB905E /* flat_proveedores1.png */,
			);
			name = iconos;
			sourceTree = "<group>";
		};
		C8D6D5E51C5FD890002DF570 /* CLTICKERVIEW */ = {
			isa = PBXGroup;
			children = (
				C8D6D5E61C5FD8AB002DF570 /* CLScrollview.h */,
				C8D6D5E71C5FD8AB002DF570 /* CLScrollview.m */,
				C8D6D5E81C5FD8AB002DF570 /* CLTickerView.h */,
				C8D6D5E91C5FD8AB002DF570 /* CLTickerView.m */,
			);
			name = CLTICKERVIEW;
			sourceTree = "<group>";
		};
		C8DEEB531C5BE61E00C8E6CC /* SMTPLIBRARY */ = {
			isa = PBXGroup;
			children = (
				C828958A1C5D170C00A9754F /* Base64Transcoder.h */,
				C828958B1C5D170C00A9754F /* Base64Transcoder.m */,
				C828958C1C5D170C00A9754F /* HSK_CFUtilities.h */,
				C828958D1C5D170C00A9754F /* HSK_CFUtilities.m */,
				C828958E1C5D170C00A9754F /* NSData+Base64Additions.h */,
				C828958F1C5D170C00A9754F /* NSData+Base64Additions.m */,
				C82895901C5D170D00A9754F /* NSStream+SKPSMTPExtensions.h */,
				C82895911C5D170D00A9754F /* NSStream+SKPSMTPExtensions.m */,
				C82895921C5D170D00A9754F /* SKPSMTPMessage.h */,
				C82895931C5D170D00A9754F /* SKPSMTPMessage.m */,
			);
			name = SMTPLIBRARY;
			sourceTree = "<group>";
		};
/* End PBXGroup section */

/* Begin PBXNativeTarget section */
		C8862CC21C5623B000FB905E /* GHFINCAS */ = {
			isa = PBXNativeTarget;
			buildConfigurationList = C8862CE91C5623B000FB905E /* Build configuration list for PBXNativeTarget "GHFINCAS" */;
			buildPhases = (
				C8862CBF1C5623B000FB905E /* Sources */,
				C8862CC01C5623B000FB905E /* Frameworks */,
				C8862CC11C5623B000FB905E /* Resources */,
			);
			buildRules = (
			);
			dependencies = (
			);
			name = GHFINCAS;
			productName = GHFINCAS;
			productReference = C8862CC31C5623B000FB905E /* GHFINCAS.app */;
			productType = "com.apple.product-type.application";
		};
		C8862CDE1C5623B000FB905E /* GHFINCASTests */ = {
			isa = PBXNativeTarget;
			buildConfigurationList = C8862CEC1C5623B000FB905E /* Build configuration list for PBXNativeTarget "GHFINCASTests" */;
			buildPhases = (
				C8862CDB1C5623B000FB905E /* Sources */,
				C8862CDC1C5623B000FB905E /* Frameworks */,
				C8862CDD1C5623B000FB905E /* Resources */,
			);
			buildRules = (
			);
			dependencies = (
				C8862CE11C5623B000FB905E /* PBXTargetDependency */,
			);
			name = GHFINCASTests;
			productName = GHFINCASTests;
			productReference = C8862CDF1C5623B000FB905E /* GHFINCASTests.xctest */;
			productType = "com.apple.product-type.bundle.unit-test";
		};
/* End PBXNativeTarget section */

/* Begin PBXProject section */
		C8862CBB1C5623B000FB905E /* Project object */ = {
			isa = PBXProject;
			attributes = {
				LastUpgradeCheck = 0620;
				ORGANIZATIONNAME = JRDV;
				TargetAttributes = {
					C8862CC21C5623B000FB905E = {
						CreatedOnToolsVersion = 6.2;
					};
					C8862CDE1C5623B000FB905E = {
						CreatedOnToolsVersion = 6.2;
						TestTargetID = C8862CC21C5623B000FB905E;
					};
				};
			};
			buildConfigurationList = C8862CBE1C5623B000FB905E /* Build configuration list for PBXProject "GHFINCAS" */;
			compatibilityVersion = "Xcode 3.2";
			developmentRegion = English;
			hasScannedForEncodings = 0;
			knownRegions = (
				en,
				Base,
			);
			mainGroup = C8862CBA1C5623B000FB905E;
			productRefGroup = C8862CC41C5623B000FB905E /* Products */;
			projectDirPath = "";
			projectRoot = "";
			targets = (
				C8862CC21C5623B000FB905E /* GHFINCAS */,
				C8862CDE1C5623B000FB905E /* GHFINCASTests */,
			);
		};
/* End PBXProject section */

/* Begin PBXResourcesBuildPhase section */
		C8862CC11C5623B000FB905E /* Resources */ = {
			isa = PBXResourcesBuildPhase;
			buildActionMask = 2147483647;
			files = (
				C80A0EC11C576EF8003E2013 /* logo7redondo 2.png in Resources */,
				C8862CF91C57693D00FB905E /* FLAT INCIDENCIAS 2.png in Resources */,
				788B65CF1C57EF2900081ABB /* alertBkg.png in Resources */,
				C824AFF41C5FC9D60099479F /* KVNProgressView.xib in Resources */,
				C80A0EBF1C576EF8003E2013 /* logo7.jpg in Resources */,
				C8862D011C57693D00FB905E /* flat_proveedores1.png in Resources */,
				C8862D001C57693D00FB905E /* flat_mail.png in Resources */,
				C8862CD51C5623B000FB905E /* Main.storyboard in Resources */,
				C80A0EBE1C576EF8003E2013 /* jrdvsoftlogo.png in Resources */,
				788B65D01C57EF2900081ABB /* alertBkg@2x.png in Resources */,
				C80A0EC01C576EF8003E2013 /* logo7redondo.png in Resources */,
				C8862CDA1C5623B000FB905E /* LaunchScreen.xib in Resources */,
				C8862CFA1C57693D00FB905E /* flat_24h.png in Resources */,
				C8862CFE1C57693D00FB905E /* flat_empresa2.png in Resources */,
				C8862CFC1C57693D00FB905E /* flat_comunidad.png in Resources */,
				C80A0EC21C576EF8003E2013 /* web.png in Resources */,
				C8862CFB1C57693D00FB905E /* flat_comunicados.png in Resources */,
				C80A0EBD1C576EF8003E2013 /* fondoghfincasactivity1.png in Resources */,
				C8862CFD1C57693D00FB905E /* flat_empresa.png in Resources */,
				788B65D61C57F82F00081ABB /* fondo2.jpg in Resources */,
				C8862CD71C5623B000FB905E /* Images.xcassets in Resources */,
				C8862CFF1C57693D00FB905E /* flat_incidencias1.png in Resources */,
			);
			runOnlyForDeploymentPostprocessing = 0;
		};
		C8862CDD1C5623B000FB905E /* Resources */ = {
			isa = PBXResourcesBuildPhase;
			buildActionMask = 2147483647;
			files = (
			);
			runOnlyForDeploymentPostprocessing = 0;
		};
/* End PBXResourcesBuildPhase section */

/* Begin PBXSourcesBuildPhase section */
		C8862CBF1C5623B000FB905E /* Sources */ = {
			isa = PBXSourcesBuildPhase;
			buildActionMask = 2147483647;
			files = (
				C82895981C5D170D00A9754F /* SKPSMTPMessage.m in Sources */,
				C8D6D5EA1C5FD8AB002DF570 /* CLScrollview.m in Sources */,
				C828959B1C5D1C4300A9754F /* ComunidadViewController.m in Sources */,
				C82895961C5D170D00A9754F /* NSData+Base64Additions.m in Sources */,
				C828959E1C5D1F3F00A9754F /* IncidenciaViewController.m in Sources */,
				C82895951C5D170D00A9754F /* HSK_CFUtilities.m in Sources */,
				C824AFEC1C5FC14B0099479F /* UIColor+KVNContrast.m in Sources */,
				C824AFDE1C5F9DE60099479F /* UITextView+Placeholder.m in Sources */,
				C82895941C5D170D00A9754F /* Base64Transcoder.m in Sources */,
				78BC73BF1C582261001E2AFB /* UCZProgressView.m in Sources */,
				C8862CCC1C5623B000FB905E /* AppDelegate.m in Sources */,
				788B65D91C57FB4700081ABB /* LoginViewController.m in Sources */,
				C824AFEE1C5FC14B0099479F /* UIImage+KVNImageEffects.m in Sources */,
				C824AFE51C5FC1320099479F /* KVNProgressConfiguration.m in Sources */,
				C8862CCF1C5623B000FB905E /* FirstViewController.m in Sources */,
				788B65D31C57EF5100081ABB /* ILAlertView.m in Sources */,
				C824AFED1C5FC14B0099479F /* UIImage+KVNEmpty.m in Sources */,
				C82895A11C5D240900A9754F /* INCIDENCIAPOREMAILViewController.m in Sources */,
				C824AFE41C5FC1320099479F /* KVNProgress.m in Sources */,
				C82895971C5D170D00A9754F /* NSStream+SKPSMTPExtensions.m in Sources */,
				7833086E1C611E3200BC3882 /* ProveedoresTableViewController.m in Sources */,
				C8D6D5EB1C5FD8AB002DF570 /* CLTickerView.m in Sources */,
				C88989431C5B7D2D0080052E /* SignupViewController.m in Sources */,
				C8862CC91C5623B000FB905E /* main.m in Sources */,
			);
			runOnlyForDeploymentPostprocessing = 0;
		};
		C8862CDB1C5623B000FB905E /* Sources */ = {
			isa = PBXSourcesBuildPhase;
			buildActionMask = 2147483647;
			files = (
				C8862CE61C5623B000FB905E /* GHFINCASTests.m in Sources */,
			);
			runOnlyForDeploymentPostprocessing = 0;
		};
/* End PBXSourcesBuildPhase section */

/* Begin PBXTargetDependency section */
		C8862CE11C5623B000FB905E /* PBXTargetDependency */ = {
			isa = PBXTargetDependency;
			target = C8862CC21C5623B000FB905E /* GHFINCAS */;
			targetProxy = C8862CE01C5623B000FB905E /* PBXContainerItemProxy */;
		};
/* End PBXTargetDependency section */

/* Begin PBXVariantGroup section */
		C8862CD31C5623B000FB905E /* Main.storyboard */ = {
			isa = PBXVariantGroup;
			children = (
				C8862CD41C5623B000FB905E /* Base */,
			);
			name = Main.storyboard;
			sourceTree = "<group>";
		};
		C8862CD81C5623B000FB905E /* LaunchScreen.xib */ = {
			isa = PBXVariantGroup;
			children = (
				C8862CD91C5623B000FB905E /* Base */,
			);
			name = LaunchScreen.xib;
			sourceTree = "<group>";
		};
/* End PBXVariantGroup section */

/* Begin XCBuildConfiguration section */
		C8862CE71C5623B000FB905E /* Debug */ = {
			isa = XCBuildConfiguration;
			buildSettings = {
				ALWAYS_SEARCH_USER_PATHS = NO;
				CLANG_CXX_LANGUAGE_STANDARD = "gnu++0x";
				CLANG_CXX_LIBRARY = "libc++";
				CLANG_ENABLE_MODULES = YES;
				CLANG_ENABLE_OBJC_ARC = YES;
				CLANG_WARN_BOOL_CONVERSION = YES;
				CLANG_WARN_CONSTANT_CONVERSION = YES;
				CLANG_WARN_DIRECT_OBJC_ISA_USAGE = YES_ERROR;
				CLANG_WARN_EMPTY_BODY = YES;
				CLANG_WARN_ENUM_CONVERSION = YES;
				CLANG_WARN_INT_CONVERSION = YES;
				CLANG_WARN_OBJC_ROOT_CLASS = YES_ERROR;
				CLANG_WARN_UNREACHABLE_CODE = YES;
				CLANG_WARN__DUPLICATE_METHOD_MATCH = YES;
				"CODE_SIGN_IDENTITY[sdk=iphoneos*]" = "iPhone Developer";
				COPY_PHASE_STRIP = NO;
				ENABLE_STRICT_OBJC_MSGSEND = YES;
				GCC_C_LANGUAGE_STANDARD = gnu99;
				GCC_DYNAMIC_NO_PIC = NO;
				GCC_OPTIMIZATION_LEVEL = 0;
				GCC_PREPROCESSOR_DEFINITIONS = (
					"DEBUG=1",
					"$(inherited)",
				);
				GCC_SYMBOLS_PRIVATE_EXTERN = NO;
				GCC_WARN_64_TO_32_BIT_CONVERSION = YES;
				GCC_WARN_ABOUT_RETURN_TYPE = YES_ERROR;
				GCC_WARN_UNDECLARED_SELECTOR = YES;
				GCC_WARN_UNINITIALIZED_AUTOS = YES_AGGRESSIVE;
				GCC_WARN_UNUSED_FUNCTION = YES;
				GCC_WARN_UNUSED_VARIABLE = YES;
				IPHONEOS_DEPLOYMENT_TARGET = 8.2;
				MTL_ENABLE_DEBUG_INFO = YES;
				ONLY_ACTIVE_ARCH = YES;
				SDKROOT = iphoneos;
			};
			name = Debug;
		};
		C8862CE81C5623B000FB905E /* Release */ = {
			isa = XCBuildConfiguration;
			buildSettings = {
				ALWAYS_SEARCH_USER_PATHS = NO;
				CLANG_CXX_LANGUAGE_STANDARD = "gnu++0x";
				CLANG_CXX_LIBRARY = "libc++";
				CLANG_ENABLE_MODULES = YES;
				CLANG_ENABLE_OBJC_ARC = YES;
				CLANG_WARN_BOOL_CONVERSION = YES;
				CLANG_WARN_CONSTANT_CONVERSION = YES;
				CLANG_WARN_DIRECT_OBJC_ISA_USAGE = YES_ERROR;
				CLANG_WARN_EMPTY_BODY = YES;
				CLANG_WARN_ENUM_CONVERSION = YES;
				CLANG_WARN_INT_CONVERSION = YES;
				CLANG_WARN_OBJC_ROOT_CLASS = YES_ERROR;
				CLANG_WARN_UNREACHABLE_CODE = YES;
				CLANG_WARN__DUPLICATE_METHOD_MATCH = YES;
				"CODE_SIGN_IDENTITY[sdk=iphoneos*]" = "iPhone Developer";
				COPY_PHASE_STRIP = NO;
				ENABLE_NS_ASSERTIONS = NO;
				ENABLE_STRICT_OBJC_MSGSEND = YES;
				GCC_C_LANGUAGE_STANDARD = gnu99;
				GCC_WARN_64_TO_32_BIT_CONVERSION = YES;
				GCC_WARN_ABOUT_RETURN_TYPE = YES_ERROR;
				GCC_WARN_UNDECLARED_SELECTOR = YES;
				GCC_WARN_UNINITIALIZED_AUTOS = YES_AGGRESSIVE;
				GCC_WARN_UNUSED_FUNCTION = YES;
				GCC_WARN_UNUSED_VARIABLE = YES;
				IPHONEOS_DEPLOYMENT_TARGET = 8.2;
				MTL_ENABLE_DEBUG_INFO = NO;
				SDKROOT = iphoneos;
				VALIDATE_PRODUCT = YES;
			};
			name = Release;
		};
		C8862CEA1C5623B000FB905E /* Debug */ = {
			isa = XCBuildConfiguration;
			buildSettings = {
				ASSETCATALOG_COMPILER_APPICON_NAME = AppIcon;
				INFOPLIST_FILE = GHFINCAS/Info.plist;
				IPHONEOS_DEPLOYMENT_TARGET = 7.1;
				LD_RUNPATH_SEARCH_PATHS = "$(inherited) @executable_path/Frameworks";
				PRODUCT_NAME = "$(TARGET_NAME)";
			};
			name = Debug;
		};
		C8862CEB1C5623B000FB905E /* Release */ = {
			isa = XCBuildConfiguration;
			buildSettings = {
				ASSETCATALOG_COMPILER_APPICON_NAME = AppIcon;
				INFOPLIST_FILE = GHFINCAS/Info.plist;
				IPHONEOS_DEPLOYMENT_TARGET = 7.1;
				LD_RUNPATH_SEARCH_PATHS = "$(inherited) @executable_path/Frameworks";
				PRODUCT_NAME = "$(TARGET_NAME)";
			};
			name = Release;
		};
		C8862CED1C5623B000FB905E /* Debug */ = {
			isa = XCBuildConfiguration;
			buildSettings = {
				BUNDLE_LOADER = "$(TEST_HOST)";
				FRAMEWORK_SEARCH_PATHS = (
					"$(SDKROOT)/Developer/Library/Frameworks",
					"$(inherited)",
				);
				GCC_PREPROCESSOR_DEFINITIONS = (
					"DEBUG=1",
					"$(inherited)",
				);
				INFOPLIST_FILE = GHFINCASTests/Info.plist;
				LD_RUNPATH_SEARCH_PATHS = "$(inherited) @executable_path/Frameworks @loader_path/Frameworks";
				PRODUCT_NAME = "$(TARGET_NAME)";
				TEST_HOST = "$(BUILT_PRODUCTS_DIR)/GHFINCAS.app/GHFINCAS";
			};
			name = Debug;
		};
		C8862CEE1C5623B000FB905E /* Release */ = {
			isa = XCBuildConfiguration;
			buildSettings = {
				BUNDLE_LOADER = "$(TEST_HOST)";
				FRAMEWORK_SEARCH_PATHS = (
					"$(SDKROOT)/Developer/Library/Frameworks",
					"$(inherited)",
				);
				INFOPLIST_FILE = GHFINCASTests/Info.plist;
				LD_RUNPATH_SEARCH_PATHS = "$(inherited) @executable_path/Frameworks @loader_path/Frameworks";
				PRODUCT_NAME = "$(TARGET_NAME)";
				TEST_HOST = "$(BUILT_PRODUCTS_DIR)/GHFINCAS.app/GHFINCAS";
			};
			name = Release;
		};
/* End XCBuildConfiguration section */

/* Begin XCConfigurationList section */
		C8862CBE1C5623B000FB905E /* Build configuration list for PBXProject "GHFINCAS" */ = {
			isa = XCConfigurationList;
			buildConfigurations = (
				C8862CE71C5623B000FB905E /* Debug */,
				C8862CE81C5623B000FB905E /* Release */,
			);
			defaultConfigurationIsVisible = 0;
			defaultConfigurationName = Release;
		};
		C8862CE91C5623B000FB905E /* Build configuration list for PBXNativeTarget "GHFINCAS" */ = {
			isa = XCConfigurationList;
			buildConfigurations = (
				C8862CEA1C5623B000FB905E /* Debug */,
				C8862CEB1C5623B000FB905E /* Release */,
			);
			defaultConfigurationIsVisible = 0;
			defaultConfigurationName = Release;
		};
		C8862CEC1C5623B000FB905E /* Build configuration list for PBXNativeTarget "GHFINCASTests" */ = {
			isa = XCConfigurationList;
			buildConfigurations = (
				C8862CED1C5623B000FB905E /* Debug */,
				C8862CEE1C5623B000FB905E /* Release */,
			);
			defaultConfigurationIsVisible = 0;
			defaultConfigurationName = Release;
		};
/* End XCConfigurationList section */
	};
	rootObject = C8862CBB1C5623B000FB905E /* Project object */;
}
