// !$*UTF8*$!
{
	archiveVersion = 1;
	classes = {
	};
	objectVersion = 46;
	objects = {

/* Begin PBXBuildFile section */
		788B65CF1C57EF2900081ABB /* alertBkg.png in Resources */ = {isa = PBXBuildFile; fileRef = 788B65CD1C57EF2900081ABB /* alertBkg.png */; };
		788B65D01C57EF2900081ABB /* alertBkg@2x.png in Resources */ = {isa = PBXBuildFile; fileRef = 788B65CE1C57EF2900081ABB /* alertBkg@2x.png */; };
		788B65D31C57EF5100081ABB /* ILAlertView.m in Sources */ = {isa = PBXBuildFile; fileRef = 788B65D21C57EF5100081ABB /* ILAlertView.m */; };
		788B65D61C57F82F00081ABB /* fondo2.jpg in Resources */ = {isa = PBXBuildFile; fileRef = 788B65D51C57F82F00081ABB /* fondo2.jpg */; };
		788B65D91C57FB4700081ABB /* LoginViewController.m in Sources */ = {isa = PBXBuildFile; fileRef = 788B65D81C57FB4700081ABB /* LoginViewController.m */; };
		78BC73BF1C582261001E2AFB /* UCZProgressView.m in Sources */ = {isa = PBXBuildFile; fileRef = 78BC73BE1C582261001E2AFB /* UCZProgressView.m */; };
		C80A0EBD1C576EF8003E2013 /* fondoghfincasactivity1.png in Resources */ = {isa = PBXBuildFile; fileRef = C80A0EB71C576EF8003E2013 /* fondoghfincasactivity1.png */; };
		C80A0EBE1C576EF8003E2013 /* jrdvsoftlogo.png in Resources */ = {isa = PBXBuildFile; fileRef = C80A0EB81C576EF8003E2013 /* jrdvsoftlogo.png */; };
		C80A0EBF1C576EF8003E2013 /* logo7.jpg in Resources */ = {isa = PBXBuildFile; fileRef = C80A0EB91C576EF8003E2013 /* logo7.jpg */; };
		C80A0EC01C576EF8003E2013 /* logo7redondo.png in Resources */ = {isa = PBXBuildFile; fileRef = C80A0EBA1C576EF8003E2013 /* logo7redondo.png */; };
		C80A0EC11C576EF8003E2013 /* logo7redondo 2.png in Resources */ = {isa = PBXBuildFile; fileRef = C80A0EBB1C576EF8003E2013 /* logo7redondo 2.png */; };
		C80A0EC21C576EF8003E2013 /* web.png in Resources */ = {isa = PBXBuildFile; fileRef = C80A0EBC1C576EF8003E2013 /* web.png */; };
		C8862CC91C5623B000FB905E /* main.m in Sources */ = {isa = PBXBuildFile; fileRef = C8862CC81C5623B000FB905E /* main.m */; };
		C8862CCC1C5623B000FB905E /* AppDelegate.m in Sources */ = {isa = PBXBuildFile; fileRef = C8862CCB1C5623B000FB905E /* AppDelegate.m */; };
		C8862CCF1C5623B000FB905E /* FirstViewController.m in Sources */ = {isa = PBXBuildFile; fileRef = C8862CCE1C5623B000FB905E /* FirstViewController.m */; };
		C8862CD21C5623B000FB905E /* SecondViewController.m in Sources */ = {isa = PBXBuildFile; fileRef = C8862CD11C5623B000FB905E /* SecondViewController.m */; };
		C8862CD51C5623B000FB905E /* Main.storyboard in Resources */ = {isa = PBXBuildFile; fileRef = C8862CD31C5623B000FB905E /* Main.storyboard */; };
		C8862CD71C5623B000FB905E /* Images.xcassets in Resources */ = {isa = PBXBuildFile; fileRef = C8862CD61C5623B000FB905E /* Images.xcassets */; };
		C8862CDA1C5623B000FB905E /* LaunchScreen.xib in Resources */ = {isa = PBXBuildFile; fileRef = C8862CD81C5623B000FB905E /* LaunchScreen.xib */; };
		C8862CE61C5623B000FB905E /* GHFINCASTests.m in Sources */ = {isa = PBXBuildFile; fileRef = C8862CE51C5623B000FB905E /* GHFINCASTests.m */; };
		C8862CF91C57693D00FB905E /* FLAT INCIDENCIAS 2.png in Resources */ = {isa = PBXBuildFile; fileRef = C8862CF01C57693D00FB905E /* FLAT INCIDENCIAS 2.png */; };
		C8862CFA1C57693D00FB905E /* flat_24h.png in Resources */ = {isa = PBXBuildFile; fileRef = C8862CF11C57693D00FB905E /* flat_24h.png */; };
		C8862CFB1C57693D00FB905E /* flat_comunicados.png in Resources */ = {isa = PBXBuildFile; fileRef = C8862CF21C57693D00FB905E /* flat_comunicados.png */; };
		C8862CFC1C57693D00FB905E /* flat_comunidad.png in Resources */ = {isa = PBXBuildFile; fileRef = C8862CF31C57693D00FB905E /* flat_comunidad.png */; };
		C8862CFD1C57693D00FB905E /* flat_empresa.png in Resources */ = {isa = PBXBuildFile; fileRef = C8862CF41C57693D00FB905E /* flat_empresa.png */; };
		C8862CFE1C57693D00FB905E /* flat_empresa2.png in Resources */ = {isa = PBXBuildFile; fileRef = C8862CF51C57693D00FB905E /* flat_empresa2.png */; };
		C8862CFF1C57693D00FB905E /* flat_incidencias1.png in Resources */ = {isa = PBXBuildFile; fileRef = C8862CF61C57693D00FB905E /* flat_incidencias1.png */; };
		C8862D001C57693D00FB905E /* flat_mail.png in Resources */ = {isa = PBXBuildFile; fileRef = C8862CF71C57693D00FB905E /* flat_mail.png */; };
		C8862D011C57693D00FB905E /* flat_proveedores1.png in Resources */ = {isa = PBXBuildFile; fileRef = C8862CF81C57693D00FB905E /* flat_proveedores1.png */; };
		C88989431C5B7D2D0080052E /* SignupViewController.m in Sources */ = {isa = PBXBuildFile; fileRef = C88989421C5B7D2D0080052E /* SignupViewController.m */; };
		C8DEEB521C5BE5E200C8E6CC /* CFNetwork.framework in Frameworks */ = {isa = PBXBuildFile; fileRef = C8DEEB511C5BE5E200C8E6CC /* CFNetwork.framework */; };
		C8DEEB5E1C5BE64900C8E6CC /* Base64Transcoder.m in Sources */ = {isa = PBXBuildFile; fileRef = C8DEEB551C5BE64900C8E6CC /* Base64Transcoder.m */; settings = {COMPILER_FLAGS = "-fno-objc-arc"; }; };
		C8DEEB5F1C5BE64900C8E6CC /* HSK_CFUtilities.m in Sources */ = {isa = PBXBuildFile; fileRef = C8DEEB571C5BE64900C8E6CC /* HSK_CFUtilities.m */; settings = {COMPILER_FLAGS = "-fno-objc-arc"; }; };
		C8DEEB601C5BE64900C8E6CC /* NSData+Base64Additions.m in Sources */ = {isa = PBXBuildFile; fileRef = C8DEEB591C5BE64900C8E6CC /* NSData+Base64Additions.m */; settings = {COMPILER_FLAGS = "-fno-objc-arc"; }; };
		C8DEEB611C5BE64900C8E6CC /* NSStream+SKPSMTPExtensions.m in Sources */ = {isa = PBXBuildFile; fileRef = C8DEEB5B1C5BE64900C8E6CC /* NSStream+SKPSMTPExtensions.m */; settings = {COMPILER_FLAGS = "-fno-objc-arc"; }; };
		C8DEEB621C5BE64900C8E6CC /* SKPSMTPMessage.m in Sources */ = {isa = PBXBuildFile; fileRef = C8DEEB5D1C5BE64900C8E6CC /* SKPSMTPMessage.m */; settings = {COMPILER_FLAGS = "-fno-objc-arc"; }; };
/* End PBXBuildFile section */

/* Begin PBXContainerItemProxy section */
		C8862CE01C5623B000FB905E /* PBXContainerItemProxy */ = {
			isa = PBXContainerItemProxy;
			containerPortal = C8862CBB1C5623B000FB905E /* Project object */;
			proxyType = 1;
			remoteGlobalIDString = C8862CC21C5623B000FB905E;
			remoteInfo = GHFINCAS;
		};
/* End PBXContainerItemProxy section */

/* Begin PBXFileReference section */
		788B65CD1C57EF2900081ABB /* alertBkg.png */ = {isa = PBXFileReference; lastKnownFileType = image.png; path = alertBkg.png; sourceTree = "<group>"; };
		788B65CE1C57EF2900081ABB /* alertBkg@2x.png */ = {isa = PBXFileReference; lastKnownFileType = image.png; path = "alertBkg@2x.png"; sourceTree = "<group>"; };
		788B65D11C57EF5100081ABB /* ILAlertView.h */ = {isa = PBXFileReference; fileEncoding = 4; lastKnownFileType = sourcecode.c.h; path = ILAlertView.h; sourceTree = "<group>"; };
		788B65D21C57EF5100081ABB /* ILAlertView.m */ = {isa = PBXFileReference; fileEncoding = 4; lastKnownFileType = sourcecode.c.objc; path = ILAlertView.m; sourceTree = "<group>"; };
		788B65D51C57F82F00081ABB /* fondo2.jpg */ = {isa = PBXFileReference; lastKnownFileType = image.jpeg; path = fondo2.jpg; sourceTree = "<group>"; };
		788B65D71C57FB4700081ABB /* LoginViewController.h */ = {isa = PBXFileReference; fileEncoding = 4; lastKnownFileType = sourcecode.c.h; path = LoginViewController.h; sourceTree = "<group>"; };
		788B65D81C57FB4700081ABB /* LoginViewController.m */ = {isa = PBXFileReference; fileEncoding = 4; lastKnownFileType = sourcecode.c.objc; path = LoginViewController.m; sourceTree = "<group>"; };
		78BC73BD1C582261001E2AFB /* UCZProgressView.h */ = {isa = PBXFileReference; fileEncoding = 4; lastKnownFileType = sourcecode.c.h; path = UCZProgressView.h; sourceTree = "<group>"; };
		78BC73BE1C582261001E2AFB /* UCZProgressView.m */ = {isa = PBXFileReference; fileEncoding = 4; lastKnownFileType = sourcecode.c.objc; path = UCZProgressView.m; sourceTree = "<group>"; };
		C80A0EB71C576EF8003E2013 /* fondoghfincasactivity1.png */ = {isa = PBXFileReference; lastKnownFileType = image.png; path = fondoghfincasactivity1.png; sourceTree = "<group>"; };
		C80A0EB81C576EF8003E2013 /* jrdvsoftlogo.png */ = {isa = PBXFileReference; lastKnownFileType = image.png; path = jrdvsoftlogo.png; sourceTree = "<group>"; };
		C80A0EB91C576EF8003E2013 /* logo7.jpg */ = {isa = PBXFileReference; lastKnownFileType = image.jpeg; path = logo7.jpg; sourceTree = "<group>"; };
		C80A0EBA1C576EF8003E2013 /* logo7redondo.png */ = {isa = PBXFileReference; lastKnownFileType = image.png; path = logo7redondo.png; sourceTree = "<group>"; };
		C80A0EBB1C576EF8003E2013 /* logo7redondo 2.png */ = {isa = PBXFileReference; lastKnownFileType = image.png; path = "logo7redondo 2.png"; sourceTree = "<group>"; };
		C80A0EBC1C576EF8003E2013 /* web.png */ = {isa = PBXFileReference; lastKnownFileType = image.png; path = web.png; sourceTree = "<group>"; };
		C8862CC31C5623B000FB905E /* GHFINCAS.app */ = {isa = PBXFileReference; explicitFileType = wrapper.application; includeInIndex = 0; path = GHFINCAS.app; sourceTree = BUILT_PRODUCTS_DIR; };
		C8862CC71C5623B000FB905E /* Info.plist */ = {isa = PBXFileReference; lastKnownFileType = text.plist.xml; path = Info.plist; sourceTree = "<group>"; };
		C8862CC81C5623B000FB905E /* main.m */ = {isa = PBXFileReference; lastKnownFileType = sourcecode.c.objc; path = main.m; sourceTree = "<group>"; };
		C8862CCA1C5623B000FB905E /* AppDelegate.h */ = {isa = PBXFileReference; lastKnownFileType = sourcecode.c.h; path = AppDelegate.h; sourceTree = "<group>"; };
		C8862CCB1C5623B000FB905E /* AppDelegate.m */ = {isa = PBXFileReference; lastKnownFileType = sourcecode.c.objc; path = AppDelegate.m; sourceTree = "<group>"; };
		C8862CCD1C5623B000FB905E /* FirstViewController.h */ = {isa = PBXFileReference; lastKnownFileType = sourcecode.c.h; path = FirstViewController.h; sourceTree = "<group>"; };
		C8862CCE1C5623B000FB905E /* FirstViewController.m */ = {isa = PBXFileReference; lastKnownFileType = sourcecode.c.objc; path = FirstViewController.m; sourceTree = "<group>"; };
		C8862CD01C5623B000FB905E /* SecondViewController.h */ = {isa = PBXFileReference; lastKnownFileType = sourcecode.c.h; path = SecondViewController.h; sourceTree = "<group>"; };
		C8862CD11C5623B000FB905E /* SecondViewController.m */ = {isa = PBXFileReference; lastKnownFileType = sourcecode.c.objc; path = SecondViewController.m; sourceTree = "<group>"; };
		C8862CD41C5623B000FB905E /* Base */ = {isa = PBXFileReference; lastKnownFileType = file.storyboard; name = Base; path = Base.lproj/Main.storyboard; sourceTree = "<group>"; };
		C8862CD61C5623B000FB905E /* Images.xcassets */ = {isa = PBXFileReference; lastKnownFileType = folder.assetcatalog; path = Images.xcassets; sourceTree = "<group>"; };
		C8862CD91C5623B000FB905E /* Base */ = {isa = PBXFileReference; lastKnownFileType = file.xib; name = Base; path = Base.lproj/LaunchScreen.xib; sourceTree = "<group>"; };
		C8862CDF1C5623B000FB905E /* GHFINCASTests.xctest */ = {isa = PBXFileReference; explicitFileType = wrapper.cfbundle; includeInIndex = 0; path = GHFINCASTests.xctest; sourceTree = BUILT_PRODUCTS_DIR; };
		C8862CE41C5623B000FB905E /* Info.plist */ = {isa = PBXFileReference; lastKnownFileType = text.plist.xml; path = Info.plist; sourceTree = "<group>"; };
		C8862CE51C5623B000FB905E /* GHFINCASTests.m */ = {isa = PBXFileReference; lastKnownFileType = sourcecode.c.objc; path = GHFINCASTests.m; sourceTree = "<group>"; };
		C8862CF01C57693D00FB905E /* FLAT INCIDENCIAS 2.png */ = {isa = PBXFileReference; lastKnownFileType = image.png; path = "FLAT INCIDENCIAS 2.png"; sourceTree = "<group>"; };
		C8862CF11C57693D00FB905E /* flat_24h.png */ = {isa = PBXFileReference; lastKnownFileType = image.png; path = flat_24h.png; sourceTree = "<group>"; };
		C8862CF21C57693D00FB905E /* flat_comunicados.png */ = {isa = PBXFileReference; lastKnownFileType = image.png; path = flat_comunicados.png; sourceTree = "<group>"; };
		C8862CF31C57693D00FB905E /* flat_comunidad.png */ = {isa = PBXFileReference; lastKnownFileType = image.png; path = flat_comunidad.png; sourceTree = "<group>"; };
		C8862CF41C57693D00FB905E /* flat_empresa.png */ = {isa = PBXFileReference; lastKnownFileType = image.png; path = flat_empresa.png; sourceTree = "<group>"; };
		C8862CF51C57693D00FB905E /* flat_empresa2.png */ = {isa = PBXFileReference; lastKnownFileType = image.png; path = flat_empresa2.png; sourceTree = "<group>"; };
		C8862CF61C57693D00FB905E /* flat_incidencias1.png */ = {isa = PBXFileReference; lastKnownFileType = image.png; path = flat_incidencias1.png; sourceTree = "<group>"; };
		C8862CF71C57693D00FB905E /* flat_mail.png */ = {isa = PBXFileReference; lastKnownFileType = image.png; path = flat_mail.png; sourceTree = "<group>"; };
		C8862CF81C57693D00FB905E /* flat_proveedores1.png */ = {isa = PBXFileReference; lastKnownFileType = image.png; path = flat_proveedores1.png; sourceTree = "<group>"; };
		C88989411C5B7D2D0080052E /* SignupViewController.h */ = {isa = PBXFileReference; fileEncoding = 4; lastKnownFileType = sourcecode.c.h; path = SignupViewController.h; sourceTree = "<group>"; };
		C88989421C5B7D2D0080052E /* SignupViewController.m */ = {isa = PBXFileReference; fileEncoding = 4; lastKnownFileType = sourcecode.c.objc; path = SignupViewController.m; sourceTree = "<group>"; };
		C8DEEB511C5BE5E200C8E6CC /* CFNetwork.framework */ = {isa = PBXFileReference; lastKnownFileType = wrapper.framework; name = CFNetwork.framework; path = System/Library/Frameworks/CFNetwork.framework; sourceTree = SDKROOT; };
		C8DEEB541C5BE64900C8E6CC /* Base64Transcoder.h */ = {isa = PBXFileReference; fileEncoding = 4; lastKnownFileType = sourcecode.c.h; name = Base64Transcoder.h; path = "../../../skpsmtpmessage-master/SMTPLibrary/Base64Transcoder.h"; sourceTree = "<group>"; };
		C8DEEB551C5BE64900C8E6CC /* Base64Transcoder.m */ = {isa = PBXFileReference; fileEncoding = 4; lastKnownFileType = sourcecode.c.objc; name = Base64Transcoder.m; path = "../../../skpsmtpmessage-master/SMTPLibrary/Base64Transcoder.m"; sourceTree = "<group>"; };
		C8DEEB561C5BE64900C8E6CC /* HSK_CFUtilities.h */ = {isa = PBXFileReference; fileEncoding = 4; lastKnownFileType = sourcecode.c.h; name = HSK_CFUtilities.h; path = "../../../skpsmtpmessage-master/SMTPLibrary/HSK_CFUtilities.h"; sourceTree = "<group>"; };
		C8DEEB571C5BE64900C8E6CC /* HSK_CFUtilities.m */ = {isa = PBXFileReference; fileEncoding = 4; lastKnownFileType = sourcecode.c.objc; name = HSK_CFUtilities.m; path = "../../../skpsmtpmessage-master/SMTPLibrary/HSK_CFUtilities.m"; sourceTree = "<group>"; };
		C8DEEB581C5BE64900C8E6CC /* NSData+Base64Additions.h */ = {isa = PBXFileReference; fileEncoding = 4; lastKnownFileType = sourcecode.c.h; name = "NSData+Base64Additions.h"; path = "../../../skpsmtpmessage-master/SMTPLibrary/NSData+Base64Additions.h"; sourceTree = "<group>"; };
		C8DEEB591C5BE64900C8E6CC /* NSData+Base64Additions.m */ = {isa = PBXFileReference; fileEncoding = 4; lastKnownFileType = sourcecode.c.objc; name = "NSData+Base64Additions.m"; path = "../../../skpsmtpmessage-master/SMTPLibrary/NSData+Base64Additions.m"; sourceTree = "<group>"; };
		C8DEEB5A1C5BE64900C8E6CC /* NSStream+SKPSMTPExtensions.h */ = {isa = PBXFileReference; fileEncoding = 4; lastKnownFileType = sourcecode.c.h; name = "NSStream+SKPSMTPExtensions.h"; path = "../../../skpsmtpmessage-master/SMTPLibrary/NSStream+SKPSMTPExtensions.h"; sourceTree = "<group>"; };
		C8DEEB5B1C5BE64900C8E6CC /* NSStream+SKPSMTPExtensions.m */ = {isa = PBXFileReference; fileEncoding = 4; lastKnownFileType = sourcecode.c.objc; name = "NSStream+SKPSMTPExtensions.m"; path = "../../../skpsmtpmessage-master/SMTPLibrary/NSStream+SKPSMTPExtensions.m"; sourceTree = "<group>"; };
		C8DEEB5C1C5BE64900C8E6CC /* SKPSMTPMessage.h */ = {isa = PBXFileReference; fileEncoding = 4; lastKnownFileType = sourcecode.c.h; name = SKPSMTPMessage.h; path = "../../../skpsmtpmessage-master/SMTPLibrary/SKPSMTPMessage.h"; sourceTree = "<group>"; };
		C8DEEB5D1C5BE64900C8E6CC /* SKPSMTPMessage.m */ = {isa = PBXFileReference; fileEncoding = 4; lastKnownFileType = sourcecode.c.objc; name = SKPSMTPMessage.m; path = "../../../skpsmtpmessage-master/SMTPLibrary/SKPSMTPMessage.m"; sourceTree = "<group>"; };
/* End PBXFileReference section */

/* Begin PBXFrameworksBuildPhase section */
		C8862CC01C5623B000FB905E /* Frameworks */ = {
			isa = PBXFrameworksBuildPhase;
			buildActionMask = 2147483647;
			files = (
				C8DEEB521C5BE5E200C8E6CC /* CFNetwork.framework in Frameworks */,
			);
			runOnlyForDeploymentPostprocessing = 0;
		};
		C8862CDC1C5623B000FB905E /* Frameworks */ = {
			isa = PBXFrameworksBuildPhase;
			buildActionMask = 2147483647;
			files = (
			);
			runOnlyForDeploymentPostprocessing = 0;
		};
/* End PBXFrameworksBuildPhase section */

/* Begin PBXGroup section */
		788B65CA1C57EE8300081ABB /* SPECIAL VIEWS */ = {
			isa = PBXGroup;
			children = (
				78BC73BC1C582243001E2AFB /* PreogressView */,
				788B65CB1C57EE9500081ABB /* ALERTVIEW */,
			);
			name = "SPECIAL VIEWS";
			sourceTree = "<group>";
		};
		788B65CB1C57EE9500081ABB /* ALERTVIEW */ = {
			isa = PBXGroup;
			children = (
				788B65D11C57EF5100081ABB /* ILAlertView.h */,
				788B65D21C57EF5100081ABB /* ILAlertView.m */,
				788B65CC1C57EEE400081ABB /* imagenes fondo */,
			);
			name = ALERTVIEW;
			sourceTree = "<group>";
		};
		788B65CC1C57EEE400081ABB /* imagenes fondo */ = {
			isa = PBXGroup;
			children = (
				788B65CD1C57EF2900081ABB /* alertBkg.png */,
				788B65CE1C57EF2900081ABB /* alertBkg@2x.png */,
			);
			name = "imagenes fondo";
			sourceTree = "<group>";
		};
		788B65D41C57F81200081ABB /* FONDO */ = {
			isa = PBXGroup;
			children = (
				788B65D51C57F82F00081ABB /* fondo2.jpg */,
			);
			name = FONDO;
			sourceTree = "<group>";
		};
		78BC73BC1C582243001E2AFB /* PreogressView */ = {
			isa = PBXGroup;
			children = (
				78BC73BD1C582261001E2AFB /* UCZProgressView.h */,
				78BC73BE1C582261001E2AFB /* UCZProgressView.m */,
			);
			name = PreogressView;
			sourceTree = "<group>";
		};
		C8862CBA1C5623B000FB905E = {
			isa = PBXGroup;
			children = (
				C8DEEB511C5BE5E200C8E6CC /* CFNetwork.framework */,
				C8862CC51C5623B000FB905E /* GHFINCAS */,
				C8862CE21C5623B000FB905E /* GHFINCASTests */,
				C8862CC41C5623B000FB905E /* Products */,
			);
			sourceTree = "<group>";
		};
		C8862CC41C5623B000FB905E /* Products */ = {
			isa = PBXGroup;
			children = (
				C8862CC31C5623B000FB905E /* GHFINCAS.app */,
				C8862CDF1C5623B000FB905E /* GHFINCASTests.xctest */,
			);
			name = Products;
			sourceTree = "<group>";
		};
		C8862CC51C5623B000FB905E /* GHFINCAS */ = {
			isa = PBXGroup;
			children = (
				C8DEEB531C5BE61E00C8E6CC /* SMTPLIBRARY */,
				788B65CA1C57EE8300081ABB /* SPECIAL VIEWS */,
				C8862CCA1C5623B000FB905E /* AppDelegate.h */,
				C8862CCB1C5623B000FB905E /* AppDelegate.m */,
				C8862CCD1C5623B000FB905E /* FirstViewController.h */,
				C8862CCE1C5623B000FB905E /* FirstViewController.m */,
				C8862CD01C5623B000FB905E /* SecondViewController.h */,
				C8862CD11C5623B000FB905E /* SecondViewController.m */,
				788B65D71C57FB4700081ABB /* LoginViewController.h */,
				788B65D81C57FB4700081ABB /* LoginViewController.m */,
				C88989411C5B7D2D0080052E /* SignupViewController.h */,
				C88989421C5B7D2D0080052E /* SignupViewController.m */,
				C8862CD31C5623B000FB905E /* Main.storyboard */,
				C8862CD61C5623B000FB905E /* Images.xcassets */,
				C8862CD81C5623B000FB905E /* LaunchScreen.xib */,
				C8862CC61C5623B000FB905E /* Supporting Files */,
			);
			path = GHFINCAS;
			sourceTree = "<group>";
		};
		C8862CC61C5623B000FB905E /* Supporting Files */ = {
			isa = PBXGroup;
			children = (
				788B65D41C57F81200081ABB /* FONDO */,
				C8862CEF1C5768CC00FB905E /* iconos */,
				C8862CC71C5623B000FB905E /* Info.plist */,
				C8862CC81C5623B000FB905E /* main.m */,
			);
			name = "Supporting Files";
			sourceTree = "<group>";
		};
		C8862CE21C5623B000FB905E /* GHFINCASTests */ = {
			isa = PBXGroup;
			children = (
				C8862CE51C5623B000FB905E /* GHFINCASTests.m */,
				C8862CE31C5623B000FB905E /* Supporting Files */,
			);
			path = GHFINCASTests;
			sourceTree = "<group>";
		};
		C8862CE31C5623B000FB905E /* Supporting Files */ = {
			isa = PBXGroup;
			children = (
				C8862CE41C5623B000FB905E /* Info.plist */,
			);
			name = "Supporting Files";
			sourceTree = "<group>";
		};
		C8862CEF1C5768CC00FB905E /* iconos */ = {
			isa = PBXGroup;
			children = (
				C80A0EB71C576EF8003E2013 /* fondoghfincasactivity1.png */,
				C80A0EB81C576EF8003E2013 /* jrdvsoftlogo.png */,
				C80A0EB91C576EF8003E2013 /* logo7.jpg */,
				C80A0EBA1C576EF8003E2013 /* logo7redondo.png */,
				C80A0EBB1C576EF8003E2013 /* logo7redondo 2.png */,
				C80A0EBC1C576EF8003E2013 /* web.png */,
				C8862CF01C57693D00FB905E /* FLAT INCIDENCIAS 2.png */,
				C8862CF11C57693D00FB905E /* flat_24h.png */,
				C8862CF21C57693D00FB905E /* flat_comunicados.png */,
				C8862CF31C57693D00FB905E /* flat_comunidad.png */,
				C8862CF41C57693D00FB905E /* flat_empresa.png */,
				C8862CF51C57693D00FB905E /* flat_empresa2.png */,
				C8862CF61C57693D00FB905E /* flat_incidencias1.png */,
				C8862CF71C57693D00FB905E /* flat_mail.png */,
				C8862CF81C57693D00FB905E /* flat_proveedores1.png */,
			);
			name = iconos;
			sourceTree = "<group>";
		};
		C8DEEB531C5BE61E00C8E6CC /* SMTPLIBRARY */ = {
			isa = PBXGroup;
			children = (
				C8DEEB541C5BE64900C8E6CC /* Base64Transcoder.h */,
				C8DEEB551C5BE64900C8E6CC /* Base64Transcoder.m */,
				C8DEEB561C5BE64900C8E6CC /* HSK_CFUtilities.h */,
				C8DEEB571C5BE64900C8E6CC /* HSK_CFUtilities.m */,
				C8DEEB581C5BE64900C8E6CC /* NSData+Base64Additions.h */,
				C8DEEB591C5BE64900C8E6CC /* NSData+Base64Additions.m */,
				C8DEEB5A1C5BE64900C8E6CC /* NSStream+SKPSMTPExtensions.h */,
				C8DEEB5B1C5BE64900C8E6CC /* NSStream+SKPSMTPExtensions.m */,
				C8DEEB5C1C5BE64900C8E6CC /* SKPSMTPMessage.h */,
				C8DEEB5D1C5BE64900C8E6CC /* SKPSMTPMessage.m */,
			);
			name = SMTPLIBRARY;
			sourceTree = "<group>";
		};
/* End PBXGroup section */

/* Begin PBXNativeTarget section */
		C8862CC21C5623B000FB905E /* GHFINCAS */ = {
			isa = PBXNativeTarget;
			buildConfigurationList = C8862CE91C5623B000FB905E /* Build configuration list for PBXNativeTarget "GHFINCAS" */;
			buildPhases = (
				C8862CBF1C5623B000FB905E /* Sources */,
				C8862CC01C5623B000FB905E /* Frameworks */,
				C8862CC11C5623B000FB905E /* Resources */,
			);
			buildRules = (
			);
			dependencies = (
			);
			name = GHFINCAS;
			productName = GHFINCAS;
			productReference = C8862CC31C5623B000FB905E /* GHFINCAS.app */;
			productType = "com.apple.product-type.application";
		};
		C8862CDE1C5623B000FB905E /* GHFINCASTests */ = {
			isa = PBXNativeTarget;
			buildConfigurationList = C8862CEC1C5623B000FB905E /* Build configuration list for PBXNativeTarget "GHFINCASTests" */;
			buildPhases = (
				C8862CDB1C5623B000FB905E /* Sources */,
				C8862CDC1C5623B000FB905E /* Frameworks */,
				C8862CDD1C5623B000FB905E /* Resources */,
			);
			buildRules = (
			);
			dependencies = (
				C8862CE11C5623B000FB905E /* PBXTargetDependency */,
			);
			name = GHFINCASTests;
			productName = GHFINCASTests;
			productReference = C8862CDF1C5623B000FB905E /* GHFINCASTests.xctest */;
			productType = "com.apple.product-type.bundle.unit-test";
		};
/* End PBXNativeTarget section */

/* Begin PBXProject section */
		C8862CBB1C5623B000FB905E /* Project object */ = {
			isa = PBXProject;
			attributes = {
				LastUpgradeCheck = 0620;
				ORGANIZATIONNAME = JRDV;
				TargetAttributes = {
					C8862CC21C5623B000FB905E = {
						CreatedOnToolsVersion = 6.2;
					};
					C8862CDE1C5623B000FB905E = {
						CreatedOnToolsVersion = 6.2;
						TestTargetID = C8862CC21C5623B000FB905E;
					};
				};
			};
			buildConfigurationList = C8862CBE1C5623B000FB905E /* Build configuration list for PBXProject "GHFINCAS" */;
			compatibilityVersion = "Xcode 3.2";
			developmentRegion = English;
			hasScannedForEncodings = 0;
			knownRegions = (
				en,
				Base,
			);
			mainGroup = C8862CBA1C5623B000FB905E;
			productRefGroup = C8862CC41C5623B000FB905E /* Products */;
			projectDirPath = "";
			projectRoot = "";
			targets = (
				C8862CC21C5623B000FB905E /* GHFINCAS */,
				C8862CDE1C5623B000FB905E /* GHFINCASTests */,
			);
		};
/* End PBXProject section */

/* Begin PBXResourcesBuildPhase section */
		C8862CC11C5623B000FB905E /* Resources */ = {
			isa = PBXResourcesBuildPhase;
			buildActionMask = 2147483647;
			files = (
				C80A0EC11C576EF8003E2013 /* logo7redondo 2.png in Resources */,
				C8862CF91C57693D00FB905E /* FLAT INCIDENCIAS 2.png in Resources */,
				788B65CF1C57EF2900081ABB /* alertBkg.png in Resources */,
				C80A0EBF1C576EF8003E2013 /* logo7.jpg in Resources */,
				C8862D011C57693D00FB905E /* flat_proveedores1.png in Resources */,
				C8862D001C57693D00FB905E /* flat_mail.png in Resources */,
				C8862CD51C5623B000FB905E /* Main.storyboard in Resources */,
				C80A0EBE1C576EF8003E2013 /* jrdvsoftlogo.png in Resources */,
				788B65D01C57EF2900081ABB /* alertBkg@2x.png in Resources */,
				C80A0EC01C576EF8003E2013 /* logo7redondo.png in Resources */,
				C8862CDA1C5623B000FB905E /* LaunchScreen.xib in Resources */,
				C8862CFA1C57693D00FB905E /* flat_24h.png in Resources */,
				C8862CFE1C57693D00FB905E /* flat_empresa2.png in Resources */,
				C8862CFC1C57693D00FB905E /* flat_comunidad.png in Resources */,
				C80A0EC21C576EF8003E2013 /* web.png in Resources */,
				C8862CFB1C57693D00FB905E /* flat_comunicados.png in Resources */,
				C80A0EBD1C576EF8003E2013 /* fondoghfincasactivity1.png in Resources */,
				C8862CFD1C57693D00FB905E /* flat_empresa.png in Resources */,
				788B65D61C57F82F00081ABB /* fondo2.jpg in Resources */,
				C8862CD71C5623B000FB905E /* Images.xcassets in Resources */,
				C8862CFF1C57693D00FB905E /* flat_incidencias1.png in Resources */,
			);
			runOnlyForDeploymentPostprocessing = 0;
		};
		C8862CDD1C5623B000FB905E /* Resources */ = {
			isa = PBXResourcesBuildPhase;
			buildActionMask = 2147483647;
			files = (
			);
			runOnlyForDeploymentPostprocessing = 0;
		};
/* End PBXResourcesBuildPhase section */

/* Begin PBXSourcesBuildPhase section */
		C8862CBF1C5623B000FB905E /* Sources */ = {
			isa = PBXSourcesBuildPhase;
			buildActionMask = 2147483647;
			files = (
				C8DEEB621C5BE64900C8E6CC /* SKPSMTPMessage.m in Sources */,
				C8DEEB601C5BE64900C8E6CC /* NSData+Base64Additions.m in Sources */,
				C8DEEB5F1C5BE64900C8E6CC /* HSK_CFUtilities.m in Sources */,
				C8DEEB5E1C5BE64900C8E6CC /* Base64Transcoder.m in Sources */,
				C8862CD21C5623B000FB905E /* SecondViewController.m in Sources */,
				78BC73BF1C582261001E2AFB /* UCZProgressView.m in Sources */,
				C8862CCC1C5623B000FB905E /* AppDelegate.m in Sources */,
				788B65D91C57FB4700081ABB /* LoginViewController.m in Sources */,
				C8862CCF1C5623B000FB905E /* FirstViewController.m in Sources */,
				788B65D31C57EF5100081ABB /* ILAlertView.m in Sources */,
				C8DEEB611C5BE64900C8E6CC /* NSStream+SKPSMTPExtensions.m in Sources */,
				C88989431C5B7D2D0080052E /* SignupViewController.m in Sources */,
				C8862CC91C5623B000FB905E /* main.m in Sources */,
			);
			runOnlyForDeploymentPostprocessing = 0;
		};
		C8862CDB1C5623B000FB905E /* Sources */ = {
			isa = PBXSourcesBuildPhase;
			buildActionMask = 2147483647;
			files = (
				C8862CE61C5623B000FB905E /* GHFINCASTests.m in Sources */,
			);
			runOnlyForDeploymentPostprocessing = 0;
		};
/* End PBXSourcesBuildPhase section */

/* Begin PBXTargetDependency section */
		C8862CE11C5623B000FB905E /* PBXTargetDependency */ = {
			isa = PBXTargetDependency;
			target = C8862CC21C5623B000FB905E /* GHFINCAS */;
			targetProxy = C8862CE01C5623B000FB905E /* PBXContainerItemProxy */;
		};
/* End PBXTargetDependency section */

/* Begin PBXVariantGroup section */
		C8862CD31C5623B000FB905E /* Main.storyboard */ = {
			isa = PBXVariantGroup;
			children = (
				C8862CD41C5623B000FB905E /* Base */,
			);
			name = Main.storyboard;
			sourceTree = "<group>";
		};
		C8862CD81C5623B000FB905E /* LaunchScreen.xib */ = {
			isa = PBXVariantGroup;
			children = (
				C8862CD91C5623B000FB905E /* Base */,
			);
			name = LaunchScreen.xib;
			sourceTree = "<group>";
		};
/* End PBXVariantGroup section */

/* Begin XCBuildConfiguration section */
		C8862CE71C5623B000FB905E /* Debug */ = {
			isa = XCBuildConfiguration;
			buildSettings = {
				ALWAYS_SEARCH_USER_PATHS = NO;
				CLANG_CXX_LANGUAGE_STANDARD = "gnu++0x";
				CLANG_CXX_LIBRARY = "libc++";
				CLANG_ENABLE_MODULES = YES;
				CLANG_ENABLE_OBJC_ARC = YES;
				CLANG_WARN_BOOL_CONVERSION = YES;
				CLANG_WARN_CONSTANT_CONVERSION = YES;
				CLANG_WARN_DIRECT_OBJC_ISA_USAGE = YES_ERROR;
				CLANG_WARN_EMPTY_BODY = YES;
				CLANG_WARN_ENUM_CONVERSION = YES;
				CLANG_WARN_INT_CONVERSION = YES;
				CLANG_WARN_OBJC_ROOT_CLASS = YES_ERROR;
				CLANG_WARN_UNREACHABLE_CODE = YES;
				CLANG_WARN__DUPLICATE_METHOD_MATCH = YES;
				"CODE_SIGN_IDENTITY[sdk=iphoneos*]" = "iPhone Developer";
				COPY_PHASE_STRIP = NO;
				ENABLE_STRICT_OBJC_MSGSEND = YES;
				GCC_C_LANGUAGE_STANDARD = gnu99;
				GCC_DYNAMIC_NO_PIC = NO;
				GCC_OPTIMIZATION_LEVEL = 0;
				GCC_PREPROCESSOR_DEFINITIONS = (
					"DEBUG=1",
					"$(inherited)",
				);
				GCC_SYMBOLS_PRIVATE_EXTERN = NO;
				GCC_WARN_64_TO_32_BIT_CONVERSION = YES;
				GCC_WARN_ABOUT_RETURN_TYPE = YES_ERROR;
				GCC_WARN_UNDECLARED_SELECTOR = YES;
				GCC_WARN_UNINITIALIZED_AUTOS = YES_AGGRESSIVE;
				GCC_WARN_UNUSED_FUNCTION = YES;
				GCC_WARN_UNUSED_VARIABLE = YES;
				IPHONEOS_DEPLOYMENT_TARGET = 8.2;
				MTL_ENABLE_DEBUG_INFO = YES;
				ONLY_ACTIVE_ARCH = YES;
				SDKROOT = iphoneos;
			};
			name = Debug;
		};
		C8862CE81C5623B000FB905E /* Release */ = {
			isa = XCBuildConfiguration;
			buildSettings = {
				ALWAYS_SEARCH_USER_PATHS = NO;
				CLANG_CXX_LANGUAGE_STANDARD = "gnu++0x";
				CLANG_CXX_LIBRARY = "libc++";
				CLANG_ENABLE_MODULES = YES;
				CLANG_ENABLE_OBJC_ARC = YES;
				CLANG_WARN_BOOL_CONVERSION = YES;
				CLANG_WARN_CONSTANT_CONVERSION = YES;
				CLANG_WARN_DIRECT_OBJC_ISA_USAGE = YES_ERROR;
				CLANG_WARN_EMPTY_BODY = YES;
				CLANG_WARN_ENUM_CONVERSION = YES;
				CLANG_WARN_INT_CONVERSION = YES;
				CLANG_WARN_OBJC_ROOT_CLASS = YES_ERROR;
				CLANG_WARN_UNREACHABLE_CODE = YES;
				CLANG_WARN__DUPLICATE_METHOD_MATCH = YES;
				"CODE_SIGN_IDENTITY[sdk=iphoneos*]" = "iPhone Developer";
				COPY_PHASE_STRIP = NO;
				ENABLE_NS_ASSERTIONS = NO;
				ENABLE_STRICT_OBJC_MSGSEND = YES;
				GCC_C_LANGUAGE_STANDARD = gnu99;
				GCC_WARN_64_TO_32_BIT_CONVERSION = YES;
				GCC_WARN_ABOUT_RETURN_TYPE = YES_ERROR;
				GCC_WARN_UNDECLARED_SELECTOR = YES;
				GCC_WARN_UNINITIALIZED_AUTOS = YES_AGGRESSIVE;
				GCC_WARN_UNUSED_FUNCTION = YES;
				GCC_WARN_UNUSED_VARIABLE = YES;
				IPHONEOS_DEPLOYMENT_TARGET = 8.2;
				MTL_ENABLE_DEBUG_INFO = NO;
				SDKROOT = iphoneos;
				VALIDATE_PRODUCT = YES;
			};
			name = Release;
		};
		C8862CEA1C5623B000FB905E /* Debug */ = {
			isa = XCBuildConfiguration;
			buildSettings = {
				ASSETCATALOG_COMPILER_APPICON_NAME = AppIcon;
				INFOPLIST_FILE = GHFINCAS/Info.plist;
				LD_RUNPATH_SEARCH_PATHS = "$(inherited) @executable_path/Frameworks";
				PRODUCT_NAME = "$(TARGET_NAME)";
			};
			name = Debug;
		};
		C8862CEB1C5623B000FB905E /* Release */ = {
			isa = XCBuildConfiguration;
			buildSettings = {
				ASSETCATALOG_COMPILER_APPICON_NAME = AppIcon;
				INFOPLIST_FILE = GHFINCAS/Info.plist;
				LD_RUNPATH_SEARCH_PATHS = "$(inherited) @executable_path/Frameworks";
				PRODUCT_NAME = "$(TARGET_NAME)";
			};
			name = Release;
		};
		C8862CED1C5623B000FB905E /* Debug */ = {
			isa = XCBuildConfiguration;
			buildSettings = {
				BUNDLE_LOADER = "$(TEST_HOST)";
				FRAMEWORK_SEARCH_PATHS = (
					"$(SDKROOT)/Developer/Library/Frameworks",
					"$(inherited)",
				);
				GCC_PREPROCESSOR_DEFINITIONS = (
					"DEBUG=1",
					"$(inherited)",
				);
				INFOPLIST_FILE = GHFINCASTests/Info.plist;
				LD_RUNPATH_SEARCH_PATHS = "$(inherited) @executable_path/Frameworks @loader_path/Frameworks";
				PRODUCT_NAME = "$(TARGET_NAME)";
				TEST_HOST = "$(BUILT_PRODUCTS_DIR)/GHFINCAS.app/GHFINCAS";
			};
			name = Debug;
		};
		C8862CEE1C5623B000FB905E /* Release */ = {
			isa = XCBuildConfiguration;
			buildSettings = {
				BUNDLE_LOADER = "$(TEST_HOST)";
				FRAMEWORK_SEARCH_PATHS = (
					"$(SDKROOT)/Developer/Library/Frameworks",
					"$(inherited)",
				);
				INFOPLIST_FILE = GHFINCASTests/Info.plist;
				LD_RUNPATH_SEARCH_PATHS = "$(inherited) @executable_path/Frameworks @loader_path/Frameworks";
				PRODUCT_NAME = "$(TARGET_NAME)";
				TEST_HOST = "$(BUILT_PRODUCTS_DIR)/GHFINCAS.app/GHFINCAS";
			};
			name = Release;
		};
/* End XCBuildConfiguration section */

/* Begin XCConfigurationList section */
		C8862CBE1C5623B000FB905E /* Build configuration list for PBXProject "GHFINCAS" */ = {
			isa = XCConfigurationList;
			buildConfigurations = (
				C8862CE71C5623B000FB905E /* Debug */,
				C8862CE81C5623B000FB905E /* Release */,
			);
			defaultConfigurationIsVisible = 0;
			defaultConfigurationName = Release;
		};
		C8862CE91C5623B000FB905E /* Build configuration list for PBXNativeTarget "GHFINCAS" */ = {
			isa = XCConfigurationList;
			buildConfigurations = (
				C8862CEA1C5623B000FB905E /* Debug */,
				C8862CEB1C5623B000FB905E /* Release */,
			);
			defaultConfigurationIsVisible = 0;
			defaultConfigurationName = Release;
		};
		C8862CEC1C5623B000FB905E /* Build configuration list for PBXNativeTarget "GHFINCASTests" */ = {
			isa = XCConfigurationList;
			buildConfigurations = (
				C8862CED1C5623B000FB905E /* Debug */,
				C8862CEE1C5623B000FB905E /* Release */,
			);
			defaultConfigurationIsVisible = 0;
			defaultConfigurationName = Release;
		};
/* End XCConfigurationList section */
	};
	rootObject = C8862CBB1C5623B000FB905E /* Project object */;
}
